Microsoft Visual Studio Solution File, Format Version 11.00
# Visual Studio 2010
Project("{8BC9CEB8-8B4A-11D0-8D11-00A0C91BC942}") = "AsyncCallTestServer", "AsyncCallTestServer-vs2010.vcxproj", "{48033F5F-A959-B767-AA12-8C3C2BD00F5B}"
EndProject
Project("{8BC9CEB8-8B4A-11D0-8D11-00A0C91BC942}") = "AsyncCallTestClient", "AsyncCallTestClient-vs2010.vcxproj", "{662FE795-7323-0BEF-8EF7-8F5872D68B90}"
	ProjectSection(ProjectDependencies) = postProject
		{48033F5F-A959-B767-AA12-8C3C2BD00F5B} = {48033F5F-A959-B767-AA12-8C3C2BD00F5B}
	EndProjectSection
EndProject
Global
	GlobalSection(SolutionConfigurationPlatforms) = preSolution
		Debug DLL|x64 = Debug DLL|x64
		Release DLL|x64 = Release DLL|x64
		Debug|x64 = Debug|x64
		Release|x64 = Release|x64
	EndGlobalSection
	GlobalSection(ProjectConfigurationPlatforms) = postSolution
		{48033F5F-A959-B767-AA12-8C3C2BD00F5B}.Debug DLL|x64.ActiveCfg = Debug DLL|x64
		{48033F5F-A959-B767-AA12-8C3C2BD00F5B}.Debug DLL|x64.Build.0 = Debug DLL|x64
		{48033F5F-A959-B767-AA12-8C3C2BD00F5B}.Release DLL|x64.ActiveCfg = Release DLL|x64
		{48033F5F-A959-B767-AA12-8C3C2BD00F5B}.Release DLL|x64.Build.0 = Release DLL|x64
		{48033F5F-A959-B767-AA12-8C3C2BD00F5B}.Debug|x64.ActiveCfg = Debug|x64
		{48033F5F-A959-B767-AA12-8C3C2BD00F5B}.Debug|x64.Build.0 = Debug|x64
		{48033F5F-A959-B767-AA12-8C3C2BD00F5B}.Release|x64.ActiveCfg = Release|x64
		{48033F5F-A959-B767-AA12-8C3C2BD00F5B}.Release|x64.Build.0 = Release|x64
		{662FE795-7323-0BEF-8EF7-8F5872D68B90}.Debug DLL|x64.ActiveCfg = Debug DLL|x64
		{662FE795-7323-0BEF-8EF7-8F5872D68B90}.Debug DLL|x64.Build.0 = Debug DLL|x64
		{662FE795-7323-0BEF-8EF7-8F5872D68B90}.Release DLL|x64.ActiveCfg = Release DLL|x64
		{662FE795-7323-0BEF-8EF7-8F5872D68B90}.Release DLL|x64.Build.0 = Release DLL|x64
		{662FE795-7323-0BEF-8EF7-8F5872D68B90}.Debug|x64.ActiveCfg = Debug|x64
		{662FE795-7323-0BEF-8EF7-8F5872D68B90}.Debug|x64.Build.0 = Debug|x64
		{662FE795-7323-0BEF-8EF7-8F5872D68B90}.Release|x64.ActiveCfg = Release|x64
		{662FE795-7323-0BEF-8EF7-8F5872D68B90}.Release|x64.Build.0 = Release|x64
	EndGlobalSection
	GlobalSection(SolutionProperties) = preSolution
		HideSolutionNode = FALSE
	EndGlobalSection
EndGlobal
