Microsoft Visual Studio Solution File, Format Version 11.00
# Visual Studio 2010
Project("{8BC9CEB8-8B4A-11D0-8D11-00A0C91BC942}") = "AsyncCallTestServer", "AsyncCallTestServer-vs2010.vcxproj", "{48033F5F-A959-B767-AA12-8C3C2BD00F5B}"
EndProject
Project("{8BC9CEB8-8B4A-11D0-8D11-00A0C91BC942}") = "AsyncCallTestClient", "AsyncCallTestClient-vs2010.vcxproj", "{662FE795-7323-0BEF-8EF7-8F5872D68B90}"
	ProjectSection(ProjectDependencies) = postProject
		{48033F5F-A959-B767-AA12-8C3C2BD00F5B} = {48033F5F-A959-B767-AA12-8C3C2BD00F5B}
	EndProjectSection
EndProject
Global
	GlobalSection(SolutionConfigurationPlatforms) = preSolution
		Debug DLL|Win32 = Debug DLL|Win32
		Release DLL|Win32 = Release DLL|Win32
		Debug|Win32 = Debug|Win32
		Release|Win32 = Release|Win32
	EndGlobalSection
	GlobalSection(ProjectConfigurationPlatforms) = postSolution
		{48033F5F-A959-B767-AA12-8C3C2BD00F5B}.Debug DLL|Win32.ActiveCfg = Debug DLL|Win32
		{48033F5F-A959-B767-AA12-8C3C2BD00F5B}.Debug DLL|Win32.Build.0 = Debug DLL|Win32
		{48033F5F-A959-B767-AA12-8C3C2BD00F5B}.Release DLL|Win32.ActiveCfg = Release DLL|Win32
		{48033F5F-A959-B767-AA12-8C3C2BD00F5B}.Release DLL|Win32.Build.0 = Release DLL|Win32
		{48033F5F-A959-B767-AA12-8C3C2BD00F5B}.Debug|Win32.ActiveCfg = Debug|Win32
		{48033F5F-A959-B767-AA12-8C3C2BD00F5B}.Debug|Win32.Build.0 = Debug|Win32
		{48033F5F-A959-B767-AA12-8C3C2BD00F5B}.Release|Win32.ActiveCfg = Release|Win32
		{48033F5F-A959-B767-AA12-8C3C2BD00F5B}.Release|Win32.Build.0 = Release|Win32
		{662FE795-7323-0BEF-8EF7-8F5872D68B90}.Debug DLL|Win32.ActiveCfg = Debug DLL|Win32
		{662FE795-7323-0BEF-8EF7-8F5872D68B90}.Debug DLL|Win32.Build.0 = Debug DLL|Win32
		{662FE795-7323-0BEF-8EF7-8F5872D68B90}.Release DLL|Win32.ActiveCfg = Release DLL|Win32
		{662FE795-7323-0BEF-8EF7-8F5872D68B90}.Release DLL|Win32.Build.0 = Release DLL|Win32
		{662FE795-7323-0BEF-8EF7-8F5872D68B90}.Debug|Win32.ActiveCfg = Debug|Win32
		{662FE795-7323-0BEF-8EF7-8F5872D68B90}.Debug|Win32.Build.0 = Debug|Win32
		{662FE795-7323-0BEF-8EF7-8F5872D68B90}.Release|Win32.ActiveCfg = Release|Win32
		{662FE795-7323-0BEF-8EF7-8F5872D68B90}.Release|Win32.Build.0 = Release|Win32
	EndGlobalSection
	GlobalSection(SolutionProperties) = preSolution
		HideSolutionNode = FALSE
	EndGlobalSection
EndGlobal
