Microsoft Visual Studio Solution File, Format Version 11.00
# Visual Studio 2010
Project("{8BC9CEB8-8B4A-11D0-8D11-00A0C91BC942}") = "HelloWorld", "HelloWorld-x64Win64VS2010.vcxproj", "{A8AFAA42-0A0D-54A4-4B93-1922B13BC6B2}"
EndProject
Project("{8BC9CEB8-8B4A-11D0-8D11-00A0C91BC942}") = "HelloWorldClient", "HelloWorldClient-x64Win64VS2010.vcxproj", "{1C9F0F41-E81A-E466-C3D9-F7894FA9E09F}"
	ProjectSection(ProjectDependencies) = postProject
		{A8AFAA42-0A0D-54A4-4B93-1922B13BC6B2} = {A8AFAA42-0A0D-54A4-4B93-1922B13BC6B2}
	EndProjectSection
EndProject
Project("{8BC9CEB8-8B4A-11D0-8D11-00A0C91BC942}") = "HelloWorldClientExample", "HelloWorldClientExample-x64Win64VS2010.vcxproj", "{0E731406-562E-0193-00CB-9E4570F07A4D}"
	ProjectSection(ProjectDependencies) = postProject
		{1C9F0F41-E81A-E466-C3D9-F7894FA9E09F} = {1C9F0F41-E81A-E466-C3D9-F7894FA9E09F}
	EndProjectSection
EndProject
Project("{8BC9CEB8-8B4A-11D0-8D11-00A0C91BC942}") = "HelloWorldServer", "HelloWorldServer-x64Win64VS2010.vcxproj", "{6E4889AA-121A-0496-D1AC-6515739C5A42}"
	ProjectSection(ProjectDependencies) = postProject
		{A8AFAA42-0A0D-54A4-4B93-1922B13BC6B2} = {A8AFAA42-0A0D-54A4-4B93-1922B13BC6B2}
	EndProjectSection
EndProject
Project("{8BC9CEB8-8B4A-11D0-8D11-00A0C91BC942}") = "HelloWorldServerExample", "HelloWorldServerExample-x64Win64VS2010.vcxproj", "{CA89901C-4EDE-FA5F-0928-DF144D901E75}"
	ProjectSection(ProjectDependencies) = postProject
		{6E4889AA-121A-0496-D1AC-6515739C5A42} = {6E4889AA-121A-0496-D1AC-6515739C5A42}
	EndProjectSection
EndProject
Global
	GlobalSection(SolutionConfigurationPlatforms) = preSolution
		Debug DLL|x64 = Debug DLL|x64
		Release DLL|x64 = Release DLL|x64
		Debug|x64 = Debug|x64
		Release|x64 = Release|x64
	EndGlobalSection
	GlobalSection(ProjectConfigurationPlatforms) = postSolution
		{A8AFAA42-0A0D-54A4-4B93-1922B13BC6B2}.Debug DLL|x64.ActiveCfg = Debug DLL|x64
		{A8AFAA42-0A0D-54A4-4B93-1922B13BC6B2}.Debug DLL|x64.Build.0 = Debug DLL|x64
		{1C9F0F41-E81A-E466-C3D9-F7894FA9E09F}.Debug DLL|x64.ActiveCfg = Debug DLL|x64
		{1C9F0F41-E81A-E466-C3D9-F7894FA9E09F}.Debug DLL|x64.Build.0 = Debug DLL|x64
		{0E731406-562E-0193-00CB-9E4570F07A4D}.Debug DLL|x64.ActiveCfg = Debug DLL|x64
		{0E731406-562E-0193-00CB-9E4570F07A4D}.Debug DLL|x64.Build.0 = Debug DLL|x64
		{6E4889AA-121A-0496-D1AC-6515739C5A42}.Debug DLL|x64.ActiveCfg = Debug DLL|x64
		{6E4889AA-121A-0496-D1AC-6515739C5A42}.Debug DLL|x64.Build.0 = Debug DLL|x64
		{CA89901C-4EDE-FA5F-0928-DF144D901E75}.Debug DLL|x64.ActiveCfg = Debug DLL|x64
		{CA89901C-4EDE-FA5F-0928-DF144D901E75}.Debug DLL|x64.Build.0 = Debug DLL|x64
		{A8AFAA42-0A0D-54A4-4B93-1922B13BC6B2}.Release DLL|x64.ActiveCfg = Release DLL|x64
		{A8AFAA42-0A0D-54A4-4B93-1922B13BC6B2}.Release DLL|x64.Build.0 = Release DLL|x64
		{1C9F0F41-E81A-E466-C3D9-F7894FA9E09F}.Release DLL|x64.ActiveCfg = Release DLL|x64
		{1C9F0F41-E81A-E466-C3D9-F7894FA9E09F}.Release DLL|x64.Build.0 = Release DLL|x64
		{0E731406-562E-0193-00CB-9E4570F07A4D}.Release DLL|x64.ActiveCfg = Release DLL|x64
		{0E731406-562E-0193-00CB-9E4570F07A4D}.Release DLL|x64.Build.0 = Release DLL|x64
		{6E4889AA-121A-0496-D1AC-6515739C5A42}.Release DLL|x64.ActiveCfg = Release DLL|x64
		{6E4889AA-121A-0496-D1AC-6515739C5A42}.Release DLL|x64.Build.0 = Release DLL|x64
		{CA89901C-4EDE-FA5F-0928-DF144D901E75}.Release DLL|x64.ActiveCfg = Release DLL|x64
		{CA89901C-4EDE-FA5F-0928-DF144D901E75}.Release DLL|x64.Build.0 = Release DLL|x64
		{A8AFAA42-0A0D-54A4-4B93-1922B13BC6B2}.Debug|x64.ActiveCfg = Debug|x64
		{A8AFAA42-0A0D-54A4-4B93-1922B13BC6B2}.Debug|x64.Build.0 = Debug|x64
		{1C9F0F41-E81A-E466-C3D9-F7894FA9E09F}.Debug|x64.ActiveCfg = Debug|x64
		{1C9F0F41-E81A-E466-C3D9-F7894FA9E09F}.Debug|x64.Build.0 = Debug|x64
		{0E731406-562E-0193-00CB-9E4570F07A4D}.Debug|x64.ActiveCfg = Debug|x64
		{0E731406-562E-0193-00CB-9E4570F07A4D}.Debug|x64.Build.0 = Debug|x64
		{6E4889AA-121A-0496-D1AC-6515739C5A42}.Debug|x64.ActiveCfg = Debug|x64
		{6E4889AA-121A-0496-D1AC-6515739C5A42}.Debug|x64.Build.0 = Debug|x64
		{CA89901C-4EDE-FA5F-0928-DF144D901E75}.Debug|x64.ActiveCfg = Debug|x64
		{CA89901C-4EDE-FA5F-0928-DF144D901E75}.Debug|x64.Build.0 = Debug|x64
		{A8AFAA42-0A0D-54A4-4B93-1922B13BC6B2}.Release|x64.ActiveCfg = Release|x64
		{A8AFAA42-0A0D-54A4-4B93-1922B13BC6B2}.Release|x64.Build.0 = Release|x64
		{1C9F0F41-E81A-E466-C3D9-F7894FA9E09F}.Release|x64.ActiveCfg = Release|x64
		{1C9F0F41-E81A-E466-C3D9-F7894FA9E09F}.Release|x64.Build.0 = Release|x64
		{0E731406-562E-0193-00CB-9E4570F07A4D}.Release|x64.ActiveCfg = Release|x64
		{0E731406-562E-0193-00CB-9E4570F07A4D}.Release|x64.Build.0 = Release|x64
		{6E4889AA-121A-0496-D1AC-6515739C5A42}.Release|x64.ActiveCfg = Release|x64
		{6E4889AA-121A-0496-D1AC-6515739C5A42}.Release|x64.Build.0 = Release|x64
		{CA89901C-4EDE-FA5F-0928-DF144D901E75}.Release|x64.ActiveCfg = Release|x64
		{CA89901C-4EDE-FA5F-0928-DF144D901E75}.Release|x64.Build.0 = Release|x64
	EndGlobalSection
	GlobalSection(SolutionProperties) = preSolution
		HideSolutionNode = FALSE
	EndGlobalSection
EndGlobal
