Microsoft Visual Studio Solution File, Format Version 11.00
# Visual Studio 2010
Project("{8BC9CEB8-8B4A-11D0-8D11-00A0C91BC942}") = "HelloWorld", "HelloWorld-i86Win32VS2010.vcxproj", "{DAA757C0-63C1-4C6A-46DC-EE20D94DE9E0}"
EndProject
Project("{8BC9CEB8-8B4A-11D0-8D11-00A0C91BC942}") = "HelloWorldClient", "HelloWorldClient-i86Win32VS2010.vcxproj", "{85AD2400-E3E1-755B-7AFD-1776C7D6919B}"
	ProjectSection(ProjectDependencies) = postProject
		{DAA757C0-63C1-4C6A-46DC-EE20D94DE9E0} = {DAA757C0-63C1-4C6A-46DC-EE20D94DE9E0}
	EndProjectSection
EndProject
Project("{8BC9CEB8-8B4A-11D0-8D11-00A0C91BC942}") = "HelloWorldClientExample", "HelloWorldClientExample-i86Win32VS2010.vcxproj", "{A53A0BB5-D51A-9F85-1BB6-8E8F3CC59FF5}"
	ProjectSection(ProjectDependencies) = postProject
		{85AD2400-E3E1-755B-7AFD-1776C7D6919B} = {85AD2400-E3E1-755B-7AFD-1776C7D6919B}
	EndProjectSection
EndProject
Project("{8BC9CEB8-8B4A-11D0-8D11-00A0C91BC942}") = "HelloWorldServer", "HelloWorldServer-i86Win32VS2010.vcxproj", "{54E27858-A24F-DE95-000A-176BEE87ADEC}"
	ProjectSection(ProjectDependencies) = postProject
		{DAA757C0-63C1-4C6A-46DC-EE20D94DE9E0} = {DAA757C0-63C1-4C6A-46DC-EE20D94DE9E0}
	EndProjectSection
EndProject
Project("{8BC9CEB8-8B4A-11D0-8D11-00A0C91BC942}") = "HelloWorldServerExample", "HelloWorldServerExample-i86Win32VS2010.vcxproj", "{6C1F9C27-91D3-BBE7-111E-E037C69BCFEB}"
	ProjectSection(ProjectDependencies) = postProject
		{54E27858-A24F-DE95-000A-176BEE87ADEC} = {54E27858-A24F-DE95-000A-176BEE87ADEC}
	EndProjectSection
EndProject
Global
	GlobalSection(SolutionConfigurationPlatforms) = preSolution
		Debug DLL|Win32 = Debug DLL|Win32
		Release DLL|Win32 = Release DLL|Win32
		Debug|Win32 = Debug|Win32
		Release|Win32 = Release|Win32
	EndGlobalSection
	GlobalSection(ProjectConfigurationPlatforms) = postSolution
		{DAA757C0-63C1-4C6A-46DC-EE20D94DE9E0}.Debug DLL|Win32.ActiveCfg = Debug DLL|Win32
		{DAA757C0-63C1-4C6A-46DC-EE20D94DE9E0}.Debug DLL|Win32.Build.0 = Debug DLL|Win32
		{85AD2400-E3E1-755B-7AFD-1776C7D6919B}.Debug DLL|Win32.ActiveCfg = Debug DLL|Win32
		{85AD2400-E3E1-755B-7AFD-1776C7D6919B}.Debug DLL|Win32.Build.0 = Debug DLL|Win32
		{A53A0BB5-D51A-9F85-1BB6-8E8F3CC59FF5}.Debug DLL|Win32.ActiveCfg = Debug DLL|Win32
		{A53A0BB5-D51A-9F85-1BB6-8E8F3CC59FF5}.Debug DLL|Win32.Build.0 = Debug DLL|Win32
		{54E27858-A24F-DE95-000A-176BEE87ADEC}.Debug DLL|Win32.ActiveCfg = Debug DLL|Win32
		{54E27858-A24F-DE95-000A-176BEE87ADEC}.Debug DLL|Win32.Build.0 = Debug DLL|Win32
		{6C1F9C27-91D3-BBE7-111E-E037C69BCFEB}.Debug DLL|Win32.ActiveCfg = Debug DLL|Win32
		{6C1F9C27-91D3-BBE7-111E-E037C69BCFEB}.Debug DLL|Win32.Build.0 = Debug DLL|Win32
		{DAA757C0-63C1-4C6A-46DC-EE20D94DE9E0}.Release DLL|Win32.ActiveCfg = Release DLL|Win32
		{DAA757C0-63C1-4C6A-46DC-EE20D94DE9E0}.Release DLL|Win32.Build.0 = Release DLL|Win32
		{85AD2400-E3E1-755B-7AFD-1776C7D6919B}.Release DLL|Win32.ActiveCfg = Release DLL|Win32
		{85AD2400-E3E1-755B-7AFD-1776C7D6919B}.Release DLL|Win32.Build.0 = Release DLL|Win32
		{A53A0BB5-D51A-9F85-1BB6-8E8F3CC59FF5}.Release DLL|Win32.ActiveCfg = Release DLL|Win32
		{A53A0BB5-D51A-9F85-1BB6-8E8F3CC59FF5}.Release DLL|Win32.Build.0 = Release DLL|Win32
		{54E27858-A24F-DE95-000A-176BEE87ADEC}.Release DLL|Win32.ActiveCfg = Release DLL|Win32
		{54E27858-A24F-DE95-000A-176BEE87ADEC}.Release DLL|Win32.Build.0 = Release DLL|Win32
		{6C1F9C27-91D3-BBE7-111E-E037C69BCFEB}.Release DLL|Win32.ActiveCfg = Release DLL|Win32
		{6C1F9C27-91D3-BBE7-111E-E037C69BCFEB}.Release DLL|Win32.Build.0 = Release DLL|Win32
		{DAA757C0-63C1-4C6A-46DC-EE20D94DE9E0}.Debug|Win32.ActiveCfg = Debug|Win32
		{DAA757C0-63C1-4C6A-46DC-EE20D94DE9E0}.Debug|Win32.Build.0 = Debug|Win32
		{85AD2400-E3E1-755B-7AFD-1776C7D6919B}.Debug|Win32.ActiveCfg = Debug|Win32
		{85AD2400-E3E1-755B-7AFD-1776C7D6919B}.Debug|Win32.Build.0 = Debug|Win32
		{A53A0BB5-D51A-9F85-1BB6-8E8F3CC59FF5}.Debug|Win32.ActiveCfg = Debug|Win32
		{A53A0BB5-D51A-9F85-1BB6-8E8F3CC59FF5}.Debug|Win32.Build.0 = Debug|Win32
		{54E27858-A24F-DE95-000A-176BEE87ADEC}.Debug|Win32.ActiveCfg = Debug|Win32
		{54E27858-A24F-DE95-000A-176BEE87ADEC}.Debug|Win32.Build.0 = Debug|Win32
		{6C1F9C27-91D3-BBE7-111E-E037C69BCFEB}.Debug|Win32.ActiveCfg = Debug|Win32
		{6C1F9C27-91D3-BBE7-111E-E037C69BCFEB}.Debug|Win32.Build.0 = Debug|Win32
		{DAA757C0-63C1-4C6A-46DC-EE20D94DE9E0}.Release|Win32.ActiveCfg = Release|Win32
		{DAA757C0-63C1-4C6A-46DC-EE20D94DE9E0}.Release|Win32.Build.0 = Release|Win32
		{85AD2400-E3E1-755B-7AFD-1776C7D6919B}.Release|Win32.ActiveCfg = Release|Win32
		{85AD2400-E3E1-755B-7AFD-1776C7D6919B}.Release|Win32.Build.0 = Release|Win32
		{A53A0BB5-D51A-9F85-1BB6-8E8F3CC59FF5}.Release|Win32.ActiveCfg = Release|Win32
		{A53A0BB5-D51A-9F85-1BB6-8E8F3CC59FF5}.Release|Win32.Build.0 = Release|Win32
		{54E27858-A24F-DE95-000A-176BEE87ADEC}.Release|Win32.ActiveCfg = Release|Win32
		{54E27858-A24F-DE95-000A-176BEE87ADEC}.Release|Win32.Build.0 = Release|Win32
		{6C1F9C27-91D3-BBE7-111E-E037C69BCFEB}.Release|Win32.ActiveCfg = Release|Win32
		{6C1F9C27-91D3-BBE7-111E-E037C69BCFEB}.Release|Win32.Build.0 = Release|Win32
	EndGlobalSection
	GlobalSection(SolutionProperties) = preSolution
		HideSolutionNode = FALSE
	EndGlobalSection
EndGlobal
