<?xml version="1.0" encoding="Windows-1252"?>
<Project ToolsVersion="4.0" xmlns="http://schemas.microsoft.com/developer/msbuild/2003">
  <ItemGroup>
    <Filter Include="Source Files">
      <UniqueIdentifier>{4FC737F1-C7A5-4376-A066-2A32D752A2FF}</UniqueIdentifier>
      <Extensions>cpp;c;cc;cxx;def;odl;idl;hpj;bat;asm;asmx</Extensions>
    </Filter>
    <Filter Include="Header Files">
      <UniqueIdentifier>{93995380-89BD-4b04-88EB-625FBE52EBFB}</UniqueIdentifier>
      <Extensions>h;hpp;hxx;hm;inl;inc;xsd</Extensions>
    </Filter>
    <Filter Include="Source Files\example">
      <UniqueIdentifier>{9b5f61bc-aaf5-47e7-bcf9-daf7649bfb0f}</UniqueIdentifier>
    </Filter>
    <Filter Include="Header Files\client">
      <UniqueIdentifier>{221de19c-4f48-4fab-801b-e4be8397d3d3}</UniqueIdentifier>
    </Filter>
    <Filter Include="Source Files\client">
      <UniqueIdentifier>{8028dddc-002a-4cdf-a11d-a764e6f1e434}</UniqueIdentifier>
    </Filter>
  </ItemGroup>
  <ItemGroup>
        <ClCompile Include="OnewayCallTestRequestReply.cxx">
            <Filter>Source Files\client</Filter>
        </ClCompile>
        <ClCompile Include="OnewayCallTest.cxx">
            <Filter>Source Files\client</Filter>
        </ClCompile>
        <ClCompile Include="OnewayCallTestRequestReplyPlugin.cxx">
            <Filter>Source Files\client</Filter>
        </ClCompile>
        <ClCompile Include="OnewayCallTestPlugin.cxx">
            <Filter>Source Files\client</Filter>
        </ClCompile>
        <ClCompile Include="OnewayCallTestRequestReplySupport.cxx">
            <Filter>Source Files\client</Filter>
        </ClCompile>
        <ClCompile Include="OnewayCallTestSupport.cxx">
            <Filter>Source Files\client</Filter>
        </ClCompile>
        <ClCompile Include="OnewayCallTestRequestReplyUtils.cxx">
            <Filter>Source Files\client</Filter>
        </ClCompile>
    <ClCompile Include="OnewayCallTestProxy.cxx">
      <Filter>Source Files\client</Filter>
    </ClCompile>
    <ClCompile Include="OnewayCallTestClientRPCSupport.cxx">
      <Filter>Source Files\client</Filter>
    </ClCompile>
    <ClCompile Include="OnewayCallTestAsyncSupport.cxx">
      <Filter>Source Files\client</Filter>
    </ClCompile>
    <ClCompile Include="Client.cxx">
      <Filter>Source Files\example</Filter>
    </ClCompile>
  </ItemGroup>
  <ItemGroup>
        <ClInclude Include="OnewayCallTestRequestReply.h">
            <Filter>Header Files\client</Filter>
        </ClInclude>
        <ClInclude Include="OnewayCallTest.h">
            <Filter>Header Files\client</Filter>
        </ClInclude>
        <ClInclude Include="OnewayCallTestRequestReplyPlugin.h">
            <Filter>Header Files\client</Filter>
        </ClInclude>
        <ClInclude Include="OnewayCallTestPlugin.h">
            <Filter>Header Files\client</Filter>
        </ClInclude>
        <ClInclude Include="OnewayCallTestRequestReplySupport.h">
            <Filter>Header Files\client</Filter>
        </ClInclude>
        <ClInclude Include="OnewayCallTestSupport.h">
            <Filter>Header Files\client</Filter>
        </ClInclude>
        <ClInclude Include="OnewayCallTestRequestReplyUtils.h">
            <Filter>Header Files\client</Filter>
        </ClInclude>
    <ClInclude Include="OnewayCallTestProxy.h">
      <Filter>Header Files\client</Filter>
    </ClInclude>
    <ClInclude Include="OnewayCallTestClientRPCSupport.h">
      <Filter>Header Files\client</Filter>
    </ClInclude>
    <ClInclude Include="OnewayCallTestAsyncSupport.h">
      <Filter>Header Files\client</Filter>
    </ClInclude>
  </ItemGroup>
</Project>