Microsoft Visual Studio Solution File, Format Version 11.00
# Visual Studio 2010
Project("{8BC9CEB8-8B4A-11D0-8D11-00A0C91BC942}") = "OnewayCallTestServer", "OnewayCallTestServer-vs2010.vcxproj", "{47E73CF3-D307-0938-02D8-863444F6C763}"
EndProject
Project("{8BC9CEB8-8B4A-11D0-8D11-00A0C91BC942}") = "OnewayCallTestClient", "OnewayCallTestClient-vs2010.vcxproj", "{0779D7FB-661E-195A-5D9C-F1DB57CC262C}"
	ProjectSection(ProjectDependencies) = postProject
		{47E73CF3-D307-0938-02D8-863444F6C763} = {47E73CF3-D307-0938-02D8-863444F6C763}
	EndProjectSection
EndProject
Global
	GlobalSection(SolutionConfigurationPlatforms) = preSolution
		Debug DLL|Win32 = Debug DLL|Win32
		Release DLL|Win32 = Release DLL|Win32
		Debug|Win32 = Debug|Win32
		Release|Win32 = Release|Win32
	EndGlobalSection
	GlobalSection(ProjectConfigurationPlatforms) = postSolution
		{47E73CF3-D307-0938-02D8-863444F6C763}.Debug DLL|Win32.ActiveCfg = Debug DLL|Win32
		{47E73CF3-D307-0938-02D8-863444F6C763}.Debug DLL|Win32.Build.0 = Debug DLL|Win32
		{47E73CF3-D307-0938-02D8-863444F6C763}.Release DLL|Win32.ActiveCfg = Release DLL|Win32
		{47E73CF3-D307-0938-02D8-863444F6C763}.Release DLL|Win32.Build.0 = Release DLL|Win32
		{47E73CF3-D307-0938-02D8-863444F6C763}.Debug|Win32.ActiveCfg = Debug|Win32
		{47E73CF3-D307-0938-02D8-863444F6C763}.Debug|Win32.Build.0 = Debug|Win32
		{47E73CF3-D307-0938-02D8-863444F6C763}.Release|Win32.ActiveCfg = Release|Win32
		{47E73CF3-D307-0938-02D8-863444F6C763}.Release|Win32.Build.0 = Release|Win32
		{0779D7FB-661E-195A-5D9C-F1DB57CC262C}.Debug DLL|Win32.ActiveCfg = Debug DLL|Win32
		{0779D7FB-661E-195A-5D9C-F1DB57CC262C}.Debug DLL|Win32.Build.0 = Debug DLL|Win32
		{0779D7FB-661E-195A-5D9C-F1DB57CC262C}.Release DLL|Win32.ActiveCfg = Release DLL|Win32
		{0779D7FB-661E-195A-5D9C-F1DB57CC262C}.Release DLL|Win32.Build.0 = Release DLL|Win32
		{0779D7FB-661E-195A-5D9C-F1DB57CC262C}.Debug|Win32.ActiveCfg = Debug|Win32
		{0779D7FB-661E-195A-5D9C-F1DB57CC262C}.Debug|Win32.Build.0 = Debug|Win32
		{0779D7FB-661E-195A-5D9C-F1DB57CC262C}.Release|Win32.ActiveCfg = Release|Win32
		{0779D7FB-661E-195A-5D9C-F1DB57CC262C}.Release|Win32.Build.0 = Release|Win32
	EndGlobalSection
	GlobalSection(SolutionProperties) = preSolution
		HideSolutionNode = FALSE
	EndGlobalSection
EndGlobal
