<?xml version="1.0" encoding="utf-8"?>
<Project ToolsVersion="4.0" xmlns="http://schemas.microsoft.com/developer/msbuild/2003">
  <ItemGroup>
    <Filter Include="Archivos de código fuente">
      <UniqueIdentifier>{4FC737F1-C7A5-4376-A066-2A32D752A2FF}</UniqueIdentifier>
      <Extensions>cpp;c;cc;cxx;def;odl;idl;hpj;bat;asm;asmx</Extensions>
    </Filter>
    <Filter Include="Archivos de encabezado">
      <UniqueIdentifier>{93995380-89BD-4b04-88EB-625FBE52EBFB}</UniqueIdentifier>
      <Extensions>h;hpp;hxx;hm;inl;inc;xsd</Extensions>
    </Filter>
    <Filter Include="Archivos de recursos">
      <UniqueIdentifier>{67DA6AB6-F800-4c08-8B7A-83BB121AAD01}</UniqueIdentifier>
      <Extensions>rc;ico;cur;bmp;dlg;rc2;rct;bin;rgs;gif;jpg;jpeg;jpe;resx;tiff;tif;png;wav</Extensions>
    </Filter>
    <Filter Include="Archivos de encabezado\client">
      <UniqueIdentifier>{9b5f61bc-aaf5-47e7-bcf9-daf7649bfb0f}</UniqueIdentifier>
    </Filter>
    <Filter Include="Archivos de encabezado\server">
      <UniqueIdentifier>{221de19c-4f48-4fab-801b-e4be8397d3d3}</UniqueIdentifier>
    </Filter>
    <Filter Include="Archivos de encabezado\utils">
      <UniqueIdentifier>{bf3ee1c0-16e2-463a-be4b-cba986afa83b}</UniqueIdentifier>
    </Filter>
    <Filter Include="Archivos de encabezado\transports">
      <UniqueIdentifier>{d60eee97-5bab-4319-b63e-43d97e9425eb}</UniqueIdentifier>
    </Filter>
    <Filter Include="Archivos de encabezado\exceptions">
      <UniqueIdentifier>{2dbe3645-7041-4d88-8350-fd78cc94488e}</UniqueIdentifier>
    </Filter>
    <Filter Include="Archivos de código fuente\client">
      <UniqueIdentifier>{6ef3a181-cb45-43dd-bf68-a179d079b1bc}</UniqueIdentifier>
    </Filter>
    <Filter Include="Archivos de código fuente\server">
      <UniqueIdentifier>{51139224-3111-4264-9981-0f6724ef705c}</UniqueIdentifier>
    </Filter>
    <Filter Include="Archivos de código fuente\transports">
      <UniqueIdentifier>{742ed78e-034f-4780-951e-41c27209ccb7}</UniqueIdentifier>
    </Filter>
    <Filter Include="Archivos de código fuente\utils">
      <UniqueIdentifier>{cd282fb3-cb10-4bf6-9d53-adc37f064363}</UniqueIdentifier>
    </Filter>
    <Filter Include="Archivos de encabezado\strategies">
      <UniqueIdentifier>{a9f7f6b4-2ad4-4a08-8b9e-f319eed3fb5d}</UniqueIdentifier>
    </Filter>
    <Filter Include="Archivos de código fuente\strategies">
      <UniqueIdentifier>{94cf33c4-0971-4eff-9d6c-439468819d8d}</UniqueIdentifier>
    </Filter>
    <Filter Include="Archivos de código fuente\exceptions">
      <UniqueIdentifier>{69af10f1-f914-4f9a-b834-fdae970c254a}</UniqueIdentifier>
    </Filter>
    <Filter Include="Archivos de código fuente\protocols">
      <UniqueIdentifier>{97bf40fe-704b-49f1-8264-2fa2c295218a}</UniqueIdentifier>
    </Filter>
    <Filter Include="Archivos de código fuente\protocols\rest">
      <UniqueIdentifier>{b3419630-c15e-4acf-b18f-18d9c4f03b2f}</UniqueIdentifier>
    </Filter>
    <Filter Include="Archivos de código fuente\transports\components">
      <UniqueIdentifier>{207b387d-2879-4006-8a21-5c9f04def946}</UniqueIdentifier>
    </Filter>
    <Filter Include="Archivos de código fuente\transports\dds">
      <UniqueIdentifier>{778ac5e1-5f65-411b-b402-52b5bef472b3}</UniqueIdentifier>
    </Filter>
    <Filter Include="Archivos de código fuente\transports\dds\components">
      <UniqueIdentifier>{8d1329d3-d663-4f49-ac91-494f246d4632}</UniqueIdentifier>
    </Filter>
    <Filter Include="Archivos de código fuente\utils\dds">
      <UniqueIdentifier>{9d723b8c-1d2c-4264-b41d-62028e1ca34e}</UniqueIdentifier>
    </Filter>
    <Filter Include="Archivos de encabezado\protocols">
      <UniqueIdentifier>{058e5ed6-ae56-4019-a770-b4b913e0e45d}</UniqueIdentifier>
    </Filter>
    <Filter Include="Archivos de encabezado\protocols\rest">
      <UniqueIdentifier>{7db96f63-fff7-4cc1-a310-9493eb5bc9da}</UniqueIdentifier>
    </Filter>
    <Filter Include="Archivos de encabezado\transports\components">
      <UniqueIdentifier>{3429afa9-2c6c-482d-8f63-69ad8c43d9d8}</UniqueIdentifier>
    </Filter>
    <Filter Include="Archivos de encabezado\transports\dds">
      <UniqueIdentifier>{ed641e12-7ccd-4ca2-a0d7-6a182d754119}</UniqueIdentifier>
    </Filter>
    <Filter Include="Archivos de encabezado\transports\dds\components">
      <UniqueIdentifier>{ab1b1641-105b-460b-b140-28a97394ae7f}</UniqueIdentifier>
    </Filter>
    <Filter Include="Archivos de encabezado\transports\messages">
      <UniqueIdentifier>{16849c14-e715-4489-8ef4-45638a6e8a52}</UniqueIdentifier>
    </Filter>
    <Filter Include="Archivos de encabezado\utils\dds">
      <UniqueIdentifier>{6ae4ab66-2a5b-4da7-b292-c1a0059bcd95}</UniqueIdentifier>
    </Filter>
    <Filter Include="Archivos de código fuente\protocols\dds">
      <UniqueIdentifier>{c49f907d-1cae-49f7-bee1-32df71b68dc0}</UniqueIdentifier>
    </Filter>
    <Filter Include="Archivos de encabezado\protocols\dds">
      <UniqueIdentifier>{18298a7e-e0e7-44e3-8918-dd1dfc6c9f7f}</UniqueIdentifier>
    </Filter>
  </ItemGroup>
  <ItemGroup>
    <ClCompile Include="..\..\src\server\Server.cpp">
      <Filter>Archivos de código fuente\server</Filter>
    </ClCompile>
    <ClCompile Include="..\..\src\utils\Utilities.cpp">
      <Filter>Archivos de código fuente\utils</Filter>
    </ClCompile>
    <ClCompile Include="..\..\src\strategies\SingleThreadStrategy.cpp">
      <Filter>Archivos de código fuente\strategies</Filter>
    </ClCompile>
    <ClCompile Include="..\..\src\strategies\ThreadPerRequestStrategy.cpp">
      <Filter>Archivos de código fuente\strategies</Filter>
    </ClCompile>
    <ClCompile Include="..\..\src\strategies\ThreadPoolStrategy.cpp">
      <Filter>Archivos de código fuente\strategies</Filter>
    </ClCompile>
    <ClCompile Include="..\..\src\exceptions\ClientInternalException.cpp">
      <Filter>Archivos de código fuente\exceptions</Filter>
    </ClCompile>
    <ClCompile Include="..\..\src\exceptions\Exception.cpp">
      <Filter>Archivos de código fuente\exceptions</Filter>
    </ClCompile>
    <ClCompile Include="..\..\src\exceptions\InitializeException.cpp">
      <Filter>Archivos de código fuente\exceptions</Filter>
    </ClCompile>
    <ClCompile Include="..\..\src\exceptions\ServerInternalException.cpp">
      <Filter>Archivos de código fuente\exceptions</Filter>
    </ClCompile>
    <ClCompile Include="..\..\src\exceptions\ServerNotFoundException.cpp">
      <Filter>Archivos de código fuente\exceptions</Filter>
    </ClCompile>
    <ClCompile Include="..\..\src\exceptions\ServerTimeoutException.cpp">
      <Filter>Archivos de código fuente\exceptions</Filter>
    </ClCompile>
    <ClCompile Include="..\..\src\exceptions\SystemException.cpp">
      <Filter>Archivos de código fuente\exceptions</Filter>
    </ClCompile>
    <ClCompile Include="..\..\src\transports\HttpProxyTransport.cpp">
      <Filter>Archivos de código fuente\transports</Filter>
    </ClCompile>
    <ClCompile Include="..\..\src\transports\HttpServerTransport.cpp">
      <Filter>Archivos de código fuente\transports</Filter>
    </ClCompile>
    <ClCompile Include="..\..\src\transports\TCPProxyTransport.cpp">
      <Filter>Archivos de código fuente\transports</Filter>
    </ClCompile>
    <ClCompile Include="..\..\src\transports\TCPServerTransport.cpp">
      <Filter>Archivos de código fuente\transports</Filter>
    </ClCompile>
    <ClCompile Include="..\..\src\transports\AsyncTask.cpp">
      <Filter>Archivos de código fuente\transports</Filter>
    </ClCompile>
    <ClCompile Include="..\..\src\client\Proxy.cpp">
      <Filter>Archivos de código fuente\client</Filter>
    </ClCompile>
    <ClCompile Include="..\..\src\exceptions\IncompatibleException.cpp">
      <Filter>Archivos de código fuente\exceptions</Filter>
    </ClCompile>
    <ClCompile Include="..\..\src\exceptions\UserException.cpp">
      <Filter>Archivos de código fuente\exceptions</Filter>
    </ClCompile>
    <ClCompile Include="..\..\src\protocols\rest\HTTPEntities.cpp">
      <Filter>Archivos de código fuente\protocols\rest</Filter>
    </ClCompile>
    <ClCompile Include="..\..\src\protocols\rest\RESTSerializer.cpp">
      <Filter>Archivos de código fuente\protocols\rest</Filter>
    </ClCompile>
    <ClCompile Include="..\..\src\transports\dds\DDSAsyncTask.cpp">
      <Filter>Archivos de código fuente\transports\dds</Filter>
    </ClCompile>
    <ClCompile Include="..\..\src\transports\dds\AsyncThread.cpp">
      <Filter>Archivos de código fuente\transports\dds</Filter>
    </ClCompile>
    <ClCompile Include="..\..\src\transports\dds\DDSTCPProxyTransport.cpp">
      <Filter>Archivos de código fuente\transports\dds</Filter>
    </ClCompile>
    <ClCompile Include="..\..\src\transports\dds\DDSTCPServerTransport.cpp">
      <Filter>Archivos de código fuente\transports\dds</Filter>
    </ClCompile>
    <ClCompile Include="..\..\src\transports\dds\DDSUDPProxyTransport.cpp">
      <Filter>Archivos de código fuente\transports\dds</Filter>
    </ClCompile>
    <ClCompile Include="..\..\src\transports\dds\DDSUDPServerTransport.cpp">
      <Filter>Archivos de código fuente\transports\dds</Filter>
    </ClCompile>
    <ClCompile Include="..\..\src\transports\dds\ProxyTransport.cpp">
      <Filter>Archivos de código fuente\transports\dds</Filter>
    </ClCompile>
    <ClCompile Include="..\..\src\transports\dds\RTPSProxyTransport.cpp">
      <Filter>Archivos de código fuente\transports\dds</Filter>
    </ClCompile>
    <ClCompile Include="..\..\src\transports\dds\ServerTransport.cpp">
      <Filter>Archivos de código fuente\transports\dds</Filter>
    </ClCompile>
    <ClCompile Include="..\..\src\transports\dds\RTPSServerTransport.cpp">
      <Filter>Archivos de código fuente\transports\dds</Filter>
    </ClCompile>
    <ClCompile Include="..\..\src\transports\dds\Transport.cpp">
      <Filter>Archivos de código fuente\transports\dds</Filter>
    </ClCompile>
    <ClCompile Include="..\..\src\transports\dds\RTPSTransport.cpp">
      <Filter>Archivos de código fuente\transports\dds</Filter>
    </ClCompile>
    <ClCompile Include="..\..\src\transports\dds\components\ProxyProcedureEndpoint.cpp">
      <Filter>Archivos de código fuente\transports\dds\components</Filter>
    </ClCompile>
    <ClCompile Include="..\..\src\transports\dds\components\RTPSProxyProcedureEndpoint.cpp">
      <Filter>Archivos de código fuente\transports\dds\components</Filter>
    </ClCompile>
    <ClCompile Include="..\..\src\transports\dds\components\ServerProcedureEndpoint.cpp">
      <Filter>Archivos de código fuente\transports\dds\components</Filter>
    </ClCompile>
    <ClCompile Include="..\..\src\transports\dds\components\RTPSServerProcedureEndpoint.cpp">
      <Filter>Archivos de código fuente\transports\dds\components</Filter>
    </ClCompile>
    <ClCompile Include="..\..\src\transports\components\TCPEndpoint.cpp">
      <Filter>Archivos de código fuente\transports\components</Filter>
    </ClCompile>
    <ClCompile Include="..\..\src\utils\dds\Middleware.cpp">
      <Filter>Archivos de código fuente\utils\dds</Filter>
    </ClCompile>
    <ClCompile Include="..\..\src\protocols\rest\FastBuffer.cpp">
      <Filter>Archivos de código fuente\protocols\rest</Filter>
    </ClCompile>
    <ClCompile Include="..\..\src\exceptions\BadParamException.cpp">
      <Filter>Archivos de código fuente\exceptions</Filter>
    </ClCompile>
    <ClCompile Include="..\..\src\protocols\dds\MessageHeader.cpp">
      <Filter>Archivos de código fuente\protocols\dds</Filter>
    </ClCompile>
    <ClCompile Include="..\..\src\protocols\dds\MessageHeaderPlugin.cpp">
      <Filter>Archivos de código fuente\protocols\dds</Filter>
    </ClCompile>
  </ItemGroup>
  <ItemGroup>
    <ClInclude Include="..\..\include\fastrpc\server\Server.h">
      <Filter>Archivos de encabezado\server</Filter>
    </ClInclude>
    <ClInclude Include="..\..\include\fastrpc\utils\Messages.h">
      <Filter>Archivos de encabezado\utils</Filter>
    </ClInclude>
    <ClInclude Include="..\..\include\fastrpc\utils\GenericClientRPC.h">
      <Filter>Archivos de encabezado\utils</Filter>
    </ClInclude>
    <ClInclude Include="..\..\include\fastrpc\utils\GenericServerRPC.h">
      <Filter>Archivos de encabezado\utils</Filter>
    </ClInclude>
    <ClInclude Include="..\..\include\fastrpc\utils\Typedefs.h">
      <Filter>Archivos de encabezado\utils</Filter>
    </ClInclude>
    <ClInclude Include="..\..\include\fastrpc\utils\Utilities.h">
      <Filter>Archivos de encabezado\utils</Filter>
    </ClInclude>
    <ClInclude Include="..\..\include\fastrpc\utils\Version.h">
      <Filter>Archivos de encabezado\utils</Filter>
    </ClInclude>
    <ClInclude Include="..\..\include\fastrpc\transports\Transport.h">
      <Filter>Archivos de encabezado\transports</Filter>
    </ClInclude>
    <ClInclude Include="..\..\include\fastrpc\strategies\SingleThreadStrategy.h">
      <Filter>Archivos de encabezado\strategies</Filter>
    </ClInclude>
    <ClInclude Include="..\..\include\fastrpc\strategies\ThreadPerRequestStrategy.h">
      <Filter>Archivos de encabezado\strategies</Filter>
    </ClInclude>
    <ClInclude Include="..\..\include\fastrpc\strategies\ThreadPoolStrategy.h">
      <Filter>Archivos de encabezado\strategies</Filter>
    </ClInclude>
    <ClInclude Include="..\..\include\fastrpc\exceptions\Exception.h">
      <Filter>Archivos de encabezado\exceptions</Filter>
    </ClInclude>
    <ClInclude Include="..\..\include\fastrpc\exceptions\ServerNotFoundException.h">
      <Filter>Archivos de encabezado\exceptions</Filter>
    </ClInclude>
    <ClInclude Include="..\..\include\fastrpc\exceptions\ServerTimeoutException.h">
      <Filter>Archivos de encabezado\exceptions</Filter>
    </ClInclude>
    <ClInclude Include="..\..\include\fastrpc\exceptions\Exceptions.h">
      <Filter>Archivos de encabezado\exceptions</Filter>
    </ClInclude>
    <ClInclude Include="..\..\include\fastrpc\exceptions\ClientInternalException.h">
      <Filter>Archivos de encabezado\exceptions</Filter>
    </ClInclude>
    <ClInclude Include="..\..\include\fastrpc\exceptions\InitializeException.h">
      <Filter>Archivos de encabezado\exceptions</Filter>
    </ClInclude>
    <ClInclude Include="..\..\include\fastrpc\exceptions\ServerInternalException.h">
      <Filter>Archivos de encabezado\exceptions</Filter>
    </ClInclude>
    <ClInclude Include="..\..\include\fastrpc\exceptions\SystemException.h">
      <Filter>Archivos de encabezado\exceptions</Filter>
    </ClInclude>
    <ClInclude Include="..\..\include\fastrpc\fastrpc_dll.h">
      <Filter>Archivos de encabezado</Filter>
    </ClInclude>
    <ClInclude Include="..\..\include\fastrpc\fastrpc_version.h">
      <Filter>Archivos de encabezado</Filter>
    </ClInclude>
    <ClInclude Include="..\..\include\fastrpc\client\Proxy.h">
      <Filter>Archivos de encabezado\client</Filter>
    </ClInclude>
    <ClInclude Include="..\..\include\fastrpc\exceptions\IncompatibleException.h">
      <Filter>Archivos de encabezado\exceptions</Filter>
    </ClInclude>
    <ClInclude Include="..\..\include\fastrpc\exceptions\UserException.h">
      <Filter>Archivos de encabezado\exceptions</Filter>
    </ClInclude>
    <ClInclude Include="..\..\include\fastrpc\protocols\rest\HTTPEntities.h">
      <Filter>Archivos de encabezado\protocols\rest</Filter>
    </ClInclude>
    <ClInclude Include="..\..\include\fastrpc\protocols\rest\RESTSerializer.h">
      <Filter>Archivos de encabezado\protocols\rest</Filter>
    </ClInclude>
    <ClInclude Include="..\..\include\fastrpc\protocols\Protocol.h">
      <Filter>Archivos de encabezado\protocols</Filter>
    </ClInclude>
    <ClInclude Include="..\..\include\fastrpc\strategies\ServerStrategy.h">
      <Filter>Archivos de encabezado\strategies</Filter>
    </ClInclude>
    <ClInclude Include="..\..\include\fastrpc\transports\HttpProxyTransport.h">
      <Filter>Archivos de encabezado\transports</Filter>
    </ClInclude>
    <ClInclude Include="..\..\include\fastrpc\transports\HttpServerTransport.h">
      <Filter>Archivos de encabezado\transports</Filter>
    </ClInclude>
    <ClInclude Include="..\..\include\fastrpc\transports\ProxyTransport.h">
      <Filter>Archivos de encabezado\transports</Filter>
    </ClInclude>
    <ClInclude Include="..\..\include\fastrpc\transports\ServerTransport.h">
      <Filter>Archivos de encabezado\transports</Filter>
    </ClInclude>
    <ClInclude Include="..\..\include\fastrpc\transports\TCPProxyTransport.h">
      <Filter>Archivos de encabezado\transports</Filter>
    </ClInclude>
    <ClInclude Include="..\..\include\fastrpc\transports\TCPServerTransport.h">
      <Filter>Archivos de encabezado\transports</Filter>
    </ClInclude>
    <ClInclude Include="..\..\include\fastrpc\transports\AsyncTask.h">
      <Filter>Archivos de encabezado\transports</Filter>
    </ClInclude>
    <ClInclude Include="..\..\include\fastrpc\transports\components\Endpoint.h">
      <Filter>Archivos de encabezado\transports\components</Filter>
    </ClInclude>
    <ClInclude Include="..\..\include\fastrpc\transports\components\TCPEndpoint.h">
      <Filter>Archivos de encabezado\transports\components</Filter>
    </ClInclude>
    <ClInclude Include="..\..\include\fastrpc\transports\dds\ProxyTransport.h">
      <Filter>Archivos de encabezado\transports\dds</Filter>
    </ClInclude>
    <ClInclude Include="..\..\include\fastrpc\transports\dds\RTPSProxyTransport.h">
      <Filter>Archivos de encabezado\transports\dds</Filter>
    </ClInclude>
    <ClInclude Include="..\..\include\fastrpc\transports\dds\ServerTransport.h">
      <Filter>Archivos de encabezado\transports\dds</Filter>
    </ClInclude>
    <ClInclude Include="..\..\include\fastrpc\transports\dds\RTPSServerTransport.h">
      <Filter>Archivos de encabezado\transports\dds</Filter>
    </ClInclude>
    <ClInclude Include="..\..\include\fastrpc\transports\dds\TCPProxyTransport.h">
      <Filter>Archivos de encabezado\transports\dds</Filter>
    </ClInclude>
    <ClInclude Include="..\..\include\fastrpc\transports\dds\TCPServerTransport.h">
      <Filter>Archivos de encabezado\transports\dds</Filter>
    </ClInclude>
    <ClInclude Include="..\..\include\fastrpc\transports\dds\Transport.h">
      <Filter>Archivos de encabezado\transports\dds</Filter>
    </ClInclude>
    <ClInclude Include="..\..\include\fastrpc\transports\dds\RTPSTransport.h">
      <Filter>Archivos de encabezado\transports\dds</Filter>
    </ClInclude>
    <ClInclude Include="..\..\include\fastrpc\transports\dds\UDPProxyTransport.h">
      <Filter>Archivos de encabezado\transports\dds</Filter>
    </ClInclude>
    <ClInclude Include="..\..\include\fastrpc\transports\dds\UDPServerTransport.h">
      <Filter>Archivos de encabezado\transports\dds</Filter>
    </ClInclude>
    <ClInclude Include="..\..\include\fastrpc\transports\dds\DDSAsyncTask.h">
      <Filter>Archivos de encabezado\transports\dds</Filter>
    </ClInclude>
    <ClInclude Include="..\..\include\fastrpc\transports\dds\AsyncThread.h">
      <Filter>Archivos de encabezado\transports\dds</Filter>
    </ClInclude>
    <ClInclude Include="..\..\include\fastrpc\transports\dds\components\ProxyProcedureEndpoint.h">
      <Filter>Archivos de encabezado\transports\dds\components</Filter>
    </ClInclude>
    <ClInclude Include="..\..\include\fastrpc\transports\dds\components\RTPSProxyProcedureEndpoint.h">
      <Filter>Archivos de encabezado\transports\dds\components</Filter>
    </ClInclude>
    <ClInclude Include="..\..\include\fastrpc\transports\dds\components\ServerProcedureEndpoint.h">
      <Filter>Archivos de encabezado\transports\dds\components</Filter>
    </ClInclude>
    <ClInclude Include="..\..\include\fastrpc\transports\dds\components\RTPSServerProcedureEndpoint.h">
      <Filter>Archivos de encabezado\transports\dds\components</Filter>
    </ClInclude>
    <ClInclude Include="..\..\include\fastrpc\transports\messages\HttpMessage.h">
      <Filter>Archivos de encabezado\transports\messages</Filter>
    </ClInclude>
    <ClInclude Include="..\..\include\fastrpc\utils\dds\Middleware.h">
      <Filter>Archivos de encabezado\utils\dds</Filter>
    </ClInclude>
    <ClInclude Include="..\..\include\fastrpc\protocols\rest\FastBuffer.h">
      <Filter>Archivos de encabezado\protocols\rest</Filter>
    </ClInclude>
    <ClInclude Include="..\..\include\fastrpc\strategies\ServerStrategyImpl.h">
      <Filter>Archivos de encabezado\strategies</Filter>
    </ClInclude>
    <ClInclude Include="..\..\include\fastrpc\transports\TCPServerTransportImpl.h">
      <Filter>Archivos de encabezado\transports</Filter>
    </ClInclude>
    <ClInclude Include="..\..\include\fastrpc\exceptions\BadParamException.h">
      <Filter>Archivos de encabezado\exceptions</Filter>
    </ClInclude>
    <ClInclude Include="..\..\include\fastrpc\protocols\dds\MessageHeader.h">
      <Filter>Archivos de encabezado\protocols\dds</Filter>
    </ClInclude>
    <ClInclude Include="..\..\include\fastrpc\protocols\dds\MessageHeaderPlugin.h">
      <Filter>Archivos de encabezado\protocols\dds</Filter>
    </ClInclude>
  </ItemGroup>
  <ItemGroup>
    <ResourceCompile Include="..\..\src\fastrpc.rc">
      <Filter>Archivos de recursos</Filter>
    </ResourceCompile>
  </ItemGroup>
</Project>
