
Microsoft Visual Studio Solution File, Format Version 12.00
# Visual Studio 2013
VisualStudioVersion = 12.0.30723.0
MinimumVisualStudioVersion = 10.0.40219.1
Project("{8BC9CEB8-8B4A-11D0-8D11-00A0C91BC942}") = "fastrpc", "fastrpc.vcxproj", "{F7D9B1F2-168C-422E-8680-D9C86C394CEE}"
EndProject
Global
	GlobalSection(SolutionConfigurationPlatforms) = preSolution
		Debug|Win32 = Debug|Win32
		Debug|x64 = Debug|x64
		DebugDLL|Win32 = DebugDLL|Win32
		DebugDLL|x64 = DebugDLL|x64
		DebugDLLVS2010|Win32 = DebugDLLVS2010|Win32
		DebugDLLVS2010|x64 = DebugDLLVS2010|x64
		DebugVS2010|Win32 = DebugVS2010|Win32
		DebugVS2010|x64 = DebugVS2010|x64
		Release|Win32 = Release|Win32
		Release|x64 = Release|x64
		ReleaseDLL|Win32 = ReleaseDLL|Win32
		ReleaseDLL|x64 = ReleaseDLL|x64
		ReleaseDLLVS2010|Win32 = ReleaseDLLVS2010|Win32
		ReleaseDLLVS2010|x64 = ReleaseDLLVS2010|x64
		ReleaseVS2010|Win32 = ReleaseVS2010|Win32
		ReleaseVS2010|x64 = ReleaseVS2010|x64
		RPCDDSDebug|Win32 = RPCDDSDebug|Win32
		RPCDDSDebug|x64 = RPCDDSDebug|x64
		RPCDDSDebugDLL|Win32 = RPCDDSDebugDLL|Win32
		RPCDDSDebugDLL|x64 = RPCDDSDebugDLL|x64
		RPCDDSDebugDLLVS2010|Win32 = RPCDDSDebugDLLVS2010|Win32
		RPCDDSDebugDLLVS2010|x64 = RPCDDSDebugDLLVS2010|x64
		RPCDDSDebugVS2010|Win32 = RPCDDSDebugVS2010|Win32
		RPCDDSDebugVS2010|x64 = RPCDDSDebugVS2010|x64
		RPCDDSRelease|Win32 = RPCDDSRelease|Win32
		RPCDDSRelease|x64 = RPCDDSRelease|x64
		RPCDDSReleaseDLL|Win32 = RPCDDSReleaseDLL|Win32
		RPCDDSReleaseDLL|x64 = RPCDDSReleaseDLL|x64
		RPCDDSReleaseDLLVS2010|Win32 = RPCDDSReleaseDLLVS2010|Win32
		RPCDDSReleaseDLLVS2010|x64 = RPCDDSReleaseDLLVS2010|x64
		RPCDDSReleaseVS2010|Win32 = RPCDDSReleaseVS2010|Win32
		RPCDDSReleaseVS2010|x64 = RPCDDSReleaseVS2010|x64
		RPCRESTDebug|Win32 = RPCRESTDebug|Win32
		RPCRESTDebug|x64 = RPCRESTDebug|x64
		RPCRESTDebugDLL|Win32 = RPCRESTDebugDLL|Win32
		RPCRESTDebugDLL|x64 = RPCRESTDebugDLL|x64
		RPCRESTDebugDLLVS2010|Win32 = RPCRESTDebugDLLVS2010|Win32
		RPCRESTDebugDLLVS2010|x64 = RPCRESTDebugDLLVS2010|x64
		RPCRESTDebugVS2010|Win32 = RPCRESTDebugVS2010|Win32
		RPCRESTDebugVS2010|x64 = RPCRESTDebugVS2010|x64
		RPCRESTRelease|Win32 = RPCRESTRelease|Win32
		RPCRESTRelease|x64 = RPCRESTRelease|x64
		RPCRESTReleaseDLL|Win32 = RPCRESTReleaseDLL|Win32
		RPCRESTReleaseDLL|x64 = RPCRESTReleaseDLL|x64
		RPCRESTReleaseDLLVS2010|Win32 = RPCRESTReleaseDLLVS2010|Win32
		RPCRESTReleaseDLLVS2010|x64 = RPCRESTReleaseDLLVS2010|x64
		RPCRESTReleaseVS2010|Win32 = RPCRESTReleaseVS2010|Win32
		RPCRESTReleaseVS2010|x64 = RPCRESTReleaseVS2010|x64
	EndGlobalSection
	GlobalSection(ProjectConfigurationPlatforms) = postSolution
		{F7D9B1F2-168C-422E-8680-D9C86C394CEE}.Debug|Win32.ActiveCfg = Debug|Win32
		{F7D9B1F2-168C-422E-8680-D9C86C394CEE}.Debug|Win32.Build.0 = Debug|Win32
		{F7D9B1F2-168C-422E-8680-D9C86C394CEE}.Debug|x64.ActiveCfg = Debug|x64
		{F7D9B1F2-168C-422E-8680-D9C86C394CEE}.Debug|x64.Build.0 = Debug|x64
		{F7D9B1F2-168C-422E-8680-D9C86C394CEE}.DebugDLL|Win32.ActiveCfg = DebugDLL|Win32
		{F7D9B1F2-168C-422E-8680-D9C86C394CEE}.DebugDLL|Win32.Build.0 = DebugDLL|Win32
		{F7D9B1F2-168C-422E-8680-D9C86C394CEE}.DebugDLL|x64.ActiveCfg = DebugDLL|x64
		{F7D9B1F2-168C-422E-8680-D9C86C394CEE}.DebugDLL|x64.Build.0 = DebugDLL|x64
		{F7D9B1F2-168C-422E-8680-D9C86C394CEE}.DebugDLLVS2010|Win32.ActiveCfg = DebugDLLVS2010|Win32
		{F7D9B1F2-168C-422E-8680-D9C86C394CEE}.DebugDLLVS2010|Win32.Build.0 = DebugDLLVS2010|Win32
		{F7D9B1F2-168C-422E-8680-D9C86C394CEE}.DebugDLLVS2010|x64.ActiveCfg = DebugDLLVS2010|x64
		{F7D9B1F2-168C-422E-8680-D9C86C394CEE}.DebugDLLVS2010|x64.Build.0 = DebugDLLVS2010|x64
		{F7D9B1F2-168C-422E-8680-D9C86C394CEE}.DebugVS2010|Win32.ActiveCfg = DebugVS2010|Win32
		{F7D9B1F2-168C-422E-8680-D9C86C394CEE}.DebugVS2010|Win32.Build.0 = DebugVS2010|Win32
		{F7D9B1F2-168C-422E-8680-D9C86C394CEE}.DebugVS2010|x64.ActiveCfg = DebugVS2010|x64
		{F7D9B1F2-168C-422E-8680-D9C86C394CEE}.DebugVS2010|x64.Build.0 = DebugVS2010|x64
		{F7D9B1F2-168C-422E-8680-D9C86C394CEE}.Release|Win32.ActiveCfg = Release|Win32
		{F7D9B1F2-168C-422E-8680-D9C86C394CEE}.Release|Win32.Build.0 = Release|Win32
		{F7D9B1F2-168C-422E-8680-D9C86C394CEE}.Release|x64.ActiveCfg = Release|x64
		{F7D9B1F2-168C-422E-8680-D9C86C394CEE}.Release|x64.Build.0 = Release|x64
		{F7D9B1F2-168C-422E-8680-D9C86C394CEE}.ReleaseDLL|Win32.ActiveCfg = ReleaseDLL|Win32
		{F7D9B1F2-168C-422E-8680-D9C86C394CEE}.ReleaseDLL|Win32.Build.0 = ReleaseDLL|Win32
		{F7D9B1F2-168C-422E-8680-D9C86C394CEE}.ReleaseDLL|x64.ActiveCfg = ReleaseDLL|x64
		{F7D9B1F2-168C-422E-8680-D9C86C394CEE}.ReleaseDLL|x64.Build.0 = ReleaseDLL|x64
		{F7D9B1F2-168C-422E-8680-D9C86C394CEE}.ReleaseDLLVS2010|Win32.ActiveCfg = ReleaseDLLVS2010|Win32
		{F7D9B1F2-168C-422E-8680-D9C86C394CEE}.ReleaseDLLVS2010|Win32.Build.0 = ReleaseDLLVS2010|Win32
		{F7D9B1F2-168C-422E-8680-D9C86C394CEE}.ReleaseDLLVS2010|x64.ActiveCfg = ReleaseDLLVS2010|x64
		{F7D9B1F2-168C-422E-8680-D9C86C394CEE}.ReleaseDLLVS2010|x64.Build.0 = ReleaseDLLVS2010|x64
		{F7D9B1F2-168C-422E-8680-D9C86C394CEE}.ReleaseVS2010|Win32.ActiveCfg = ReleaseVS2010|Win32
		{F7D9B1F2-168C-422E-8680-D9C86C394CEE}.ReleaseVS2010|Win32.Build.0 = ReleaseVS2010|Win32
		{F7D9B1F2-168C-422E-8680-D9C86C394CEE}.ReleaseVS2010|x64.ActiveCfg = ReleaseVS2010|x64
		{F7D9B1F2-168C-422E-8680-D9C86C394CEE}.ReleaseVS2010|x64.Build.0 = ReleaseVS2010|x64
		{F7D9B1F2-168C-422E-8680-D9C86C394CEE}.RPCDDSDebug|Win32.ActiveCfg = RPCDDSDebug|Win32
		{F7D9B1F2-168C-422E-8680-D9C86C394CEE}.RPCDDSDebug|Win32.Build.0 = RPCDDSDebug|Win32
		{F7D9B1F2-168C-422E-8680-D9C86C394CEE}.RPCDDSDebug|x64.ActiveCfg = RPCDDSDebug|x64
		{F7D9B1F2-168C-422E-8680-D9C86C394CEE}.RPCDDSDebug|x64.Build.0 = RPCDDSDebug|x64
		{F7D9B1F2-168C-422E-8680-D9C86C394CEE}.RPCDDSDebugDLL|Win32.ActiveCfg = RPCDDSDebugDLL|Win32
		{F7D9B1F2-168C-422E-8680-D9C86C394CEE}.RPCDDSDebugDLL|Win32.Build.0 = RPCDDSDebugDLL|Win32
		{F7D9B1F2-168C-422E-8680-D9C86C394CEE}.RPCDDSDebugDLL|x64.ActiveCfg = RPCDDSDebugDLL|x64
		{F7D9B1F2-168C-422E-8680-D9C86C394CEE}.RPCDDSDebugDLL|x64.Build.0 = RPCDDSDebugDLL|x64
		{F7D9B1F2-168C-422E-8680-D9C86C394CEE}.RPCDDSDebugDLLVS2010|Win32.ActiveCfg = RPCDDSDebugDLLVS2010|Win32
		{F7D9B1F2-168C-422E-8680-D9C86C394CEE}.RPCDDSDebugDLLVS2010|Win32.Build.0 = RPCDDSDebugDLLVS2010|Win32
		{F7D9B1F2-168C-422E-8680-D9C86C394CEE}.RPCDDSDebugDLLVS2010|x64.ActiveCfg = RPCDDSDebugDLLVS2010|x64
		{F7D9B1F2-168C-422E-8680-D9C86C394CEE}.RPCDDSDebugDLLVS2010|x64.Build.0 = RPCDDSDebugDLLVS2010|x64
		{F7D9B1F2-168C-422E-8680-D9C86C394CEE}.RPCDDSDebugVS2010|Win32.ActiveCfg = RPCDDSDebugVS2010|Win32
		{F7D9B1F2-168C-422E-8680-D9C86C394CEE}.RPCDDSDebugVS2010|Win32.Build.0 = RPCDDSDebugVS2010|Win32
		{F7D9B1F2-168C-422E-8680-D9C86C394CEE}.RPCDDSDebugVS2010|x64.ActiveCfg = RPCDDSDebugVS2010|x64
		{F7D9B1F2-168C-422E-8680-D9C86C394CEE}.RPCDDSDebugVS2010|x64.Build.0 = RPCDDSDebugVS2010|x64
		{F7D9B1F2-168C-422E-8680-D9C86C394CEE}.RPCDDSRelease|Win32.ActiveCfg = RPCDDSRelease|Win32
		{F7D9B1F2-168C-422E-8680-D9C86C394CEE}.RPCDDSRelease|Win32.Build.0 = RPCDDSRelease|Win32
		{F7D9B1F2-168C-422E-8680-D9C86C394CEE}.RPCDDSRelease|x64.ActiveCfg = RPCDDSRelease|x64
		{F7D9B1F2-168C-422E-8680-D9C86C394CEE}.RPCDDSRelease|x64.Build.0 = RPCDDSRelease|x64
		{F7D9B1F2-168C-422E-8680-D9C86C394CEE}.RPCDDSReleaseDLL|Win32.ActiveCfg = RPCDDSReleaseDLL|Win32
		{F7D9B1F2-168C-422E-8680-D9C86C394CEE}.RPCDDSReleaseDLL|Win32.Build.0 = RPCDDSReleaseDLL|Win32
		{F7D9B1F2-168C-422E-8680-D9C86C394CEE}.RPCDDSReleaseDLL|x64.ActiveCfg = RPCDDSReleaseDLL|x64
		{F7D9B1F2-168C-422E-8680-D9C86C394CEE}.RPCDDSReleaseDLL|x64.Build.0 = RPCDDSReleaseDLL|x64
		{F7D9B1F2-168C-422E-8680-D9C86C394CEE}.RPCDDSReleaseDLLVS2010|Win32.ActiveCfg = RPCDDSReleaseDLLVS2010|Win32
		{F7D9B1F2-168C-422E-8680-D9C86C394CEE}.RPCDDSReleaseDLLVS2010|Win32.Build.0 = RPCDDSReleaseDLLVS2010|Win32
		{F7D9B1F2-168C-422E-8680-D9C86C394CEE}.RPCDDSReleaseDLLVS2010|x64.ActiveCfg = RPCDDSReleaseDLLVS2010|x64
		{F7D9B1F2-168C-422E-8680-D9C86C394CEE}.RPCDDSReleaseDLLVS2010|x64.Build.0 = RPCDDSReleaseDLLVS2010|x64
		{F7D9B1F2-168C-422E-8680-D9C86C394CEE}.RPCDDSReleaseVS2010|Win32.ActiveCfg = RPCDDSReleaseVS2010|Win32
		{F7D9B1F2-168C-422E-8680-D9C86C394CEE}.RPCDDSReleaseVS2010|Win32.Build.0 = RPCDDSReleaseVS2010|Win32
		{F7D9B1F2-168C-422E-8680-D9C86C394CEE}.RPCDDSReleaseVS2010|x64.ActiveCfg = RPCDDSReleaseVS2010|x64
		{F7D9B1F2-168C-422E-8680-D9C86C394CEE}.RPCDDSReleaseVS2010|x64.Build.0 = RPCDDSReleaseVS2010|x64
		{F7D9B1F2-168C-422E-8680-D9C86C394CEE}.RPCRESTDebug|Win32.ActiveCfg = RPCRESTDebug|Win32
		{F7D9B1F2-168C-422E-8680-D9C86C394CEE}.RPCRESTDebug|Win32.Build.0 = RPCRESTDebug|Win32
		{F7D9B1F2-168C-422E-8680-D9C86C394CEE}.RPCRESTDebug|x64.ActiveCfg = RPCRESTDebug|x64
		{F7D9B1F2-168C-422E-8680-D9C86C394CEE}.RPCRESTDebug|x64.Build.0 = RPCRESTDebug|x64
		{F7D9B1F2-168C-422E-8680-D9C86C394CEE}.RPCRESTDebugDLL|Win32.ActiveCfg = RPCRESTDebugDLL|Win32
		{F7D9B1F2-168C-422E-8680-D9C86C394CEE}.RPCRESTDebugDLL|Win32.Build.0 = RPCRESTDebugDLL|Win32
		{F7D9B1F2-168C-422E-8680-D9C86C394CEE}.RPCRESTDebugDLL|x64.ActiveCfg = RPCRESTDebugDLL|x64
		{F7D9B1F2-168C-422E-8680-D9C86C394CEE}.RPCRESTDebugDLL|x64.Build.0 = RPCRESTDebugDLL|x64
		{F7D9B1F2-168C-422E-8680-D9C86C394CEE}.RPCRESTDebugDLLVS2010|Win32.ActiveCfg = RPCRESTDebugDLLVS2010|Win32
		{F7D9B1F2-168C-422E-8680-D9C86C394CEE}.RPCRESTDebugDLLVS2010|Win32.Build.0 = RPCRESTDebugDLLVS2010|Win32
		{F7D9B1F2-168C-422E-8680-D9C86C394CEE}.RPCRESTDebugDLLVS2010|x64.ActiveCfg = RPCRESTDebugDLLVS2010|x64
		{F7D9B1F2-168C-422E-8680-D9C86C394CEE}.RPCRESTDebugDLLVS2010|x64.Build.0 = RPCRESTDebugDLLVS2010|x64
		{F7D9B1F2-168C-422E-8680-D9C86C394CEE}.RPCRESTDebugVS2010|Win32.ActiveCfg = RPCRESTDebugVS2010|Win32
		{F7D9B1F2-168C-422E-8680-D9C86C394CEE}.RPCRESTDebugVS2010|Win32.Build.0 = RPCRESTDebugVS2010|Win32
		{F7D9B1F2-168C-422E-8680-D9C86C394CEE}.RPCRESTDebugVS2010|x64.ActiveCfg = RPCRESTDebugVS2010|x64
		{F7D9B1F2-168C-422E-8680-D9C86C394CEE}.RPCRESTDebugVS2010|x64.Build.0 = RPCRESTDebugVS2010|x64
		{F7D9B1F2-168C-422E-8680-D9C86C394CEE}.RPCRESTRelease|Win32.ActiveCfg = RPCRESTRelease|Win32
		{F7D9B1F2-168C-422E-8680-D9C86C394CEE}.RPCRESTRelease|Win32.Build.0 = RPCRESTRelease|Win32
		{F7D9B1F2-168C-422E-8680-D9C86C394CEE}.RPCRESTRelease|x64.ActiveCfg = RPCRESTRelease|x64
		{F7D9B1F2-168C-422E-8680-D9C86C394CEE}.RPCRESTRelease|x64.Build.0 = RPCRESTRelease|x64
		{F7D9B1F2-168C-422E-8680-D9C86C394CEE}.RPCRESTReleaseDLL|Win32.ActiveCfg = RPCRESTReleaseDLL|Win32
		{F7D9B1F2-168C-422E-8680-D9C86C394CEE}.RPCRESTReleaseDLL|Win32.Build.0 = RPCRESTReleaseDLL|Win32
		{F7D9B1F2-168C-422E-8680-D9C86C394CEE}.RPCRESTReleaseDLL|x64.ActiveCfg = RPCRESTReleaseDLL|x64
		{F7D9B1F2-168C-422E-8680-D9C86C394CEE}.RPCRESTReleaseDLL|x64.Build.0 = RPCRESTReleaseDLL|x64
		{F7D9B1F2-168C-422E-8680-D9C86C394CEE}.RPCRESTReleaseDLLVS2010|Win32.ActiveCfg = RPCRESTReleaseDLLVS2010|Win32
		{F7D9B1F2-168C-422E-8680-D9C86C394CEE}.RPCRESTReleaseDLLVS2010|Win32.Build.0 = RPCRESTReleaseDLLVS2010|Win32
		{F7D9B1F2-168C-422E-8680-D9C86C394CEE}.RPCRESTReleaseDLLVS2010|x64.ActiveCfg = RPCRESTReleaseDLLVS2010|x64
		{F7D9B1F2-168C-422E-8680-D9C86C394CEE}.RPCRESTReleaseDLLVS2010|x64.Build.0 = RPCRESTReleaseDLLVS2010|x64
		{F7D9B1F2-168C-422E-8680-D9C86C394CEE}.RPCRESTReleaseVS2010|Win32.ActiveCfg = RPCRESTReleaseVS2010|Win32
		{F7D9B1F2-168C-422E-8680-D9C86C394CEE}.RPCRESTReleaseVS2010|Win32.Build.0 = RPCRESTReleaseVS2010|Win32
		{F7D9B1F2-168C-422E-8680-D9C86C394CEE}.RPCRESTReleaseVS2010|x64.ActiveCfg = RPCRESTReleaseVS2010|x64
		{F7D9B1F2-168C-422E-8680-D9C86C394CEE}.RPCRESTReleaseVS2010|x64.Build.0 = RPCRESTReleaseVS2010|x64
	EndGlobalSection
	GlobalSection(SolutionProperties) = preSolution
		HideSolutionNode = FALSE
	EndGlobalSection
EndGlobal
