Microsoft Visual Studio Solution File, Format Version 11.00
# Visual Studio 2010
Project("{8BC9CEB8-8B4A-11D0-8D11-00A0C91BC942}") = "StructTestServer", "StructTestServer-vs2010.vcxproj", "{1445E747-5C79-0EA6-BEEB-2A52864E5170}"
EndProject
Project("{8BC9CEB8-8B4A-11D0-8D11-00A0C91BC942}") = "StructTestClient", "StructTestClient-vs2010.vcxproj", "{0EA6D37F-5254-37D1-C886-A1003F1E773E}"
	ProjectSection(ProjectDependencies) = postProject
		{1445E747-5C79-0EA6-BEEB-2A52864E5170} = {1445E747-5C79-0EA6-BEEB-2A52864E5170}
	EndProjectSection
EndProject
Global
	GlobalSection(SolutionConfigurationPlatforms) = preSolution
		Debug DLL|Win32 = Debug DLL|Win32
		Release DLL|Win32 = Release DLL|Win32
		Debug|Win32 = Debug|Win32
		Release|Win32 = Release|Win32
	EndGlobalSection
	GlobalSection(ProjectConfigurationPlatforms) = postSolution
		{1445E747-5C79-0EA6-BEEB-2A52864E5170}.Debug DLL|Win32.ActiveCfg = Debug DLL|Win32
		{1445E747-5C79-0EA6-BEEB-2A52864E5170}.Debug DLL|Win32.Build.0 = Debug DLL|Win32
		{1445E747-5C79-0EA6-BEEB-2A52864E5170}.Release DLL|Win32.ActiveCfg = Release DLL|Win32
		{1445E747-5C79-0EA6-BEEB-2A52864E5170}.Release DLL|Win32.Build.0 = Release DLL|Win32
		{1445E747-5C79-0EA6-BEEB-2A52864E5170}.Debug|Win32.ActiveCfg = Debug|Win32
		{1445E747-5C79-0EA6-BEEB-2A52864E5170}.Debug|Win32.Build.0 = Debug|Win32
		{1445E747-5C79-0EA6-BEEB-2A52864E5170}.Release|Win32.ActiveCfg = Release|Win32
		{1445E747-5C79-0EA6-BEEB-2A52864E5170}.Release|Win32.Build.0 = Release|Win32
		{0EA6D37F-5254-37D1-C886-A1003F1E773E}.Debug DLL|Win32.ActiveCfg = Debug DLL|Win32
		{0EA6D37F-5254-37D1-C886-A1003F1E773E}.Debug DLL|Win32.Build.0 = Debug DLL|Win32
		{0EA6D37F-5254-37D1-C886-A1003F1E773E}.Release DLL|Win32.ActiveCfg = Release DLL|Win32
		{0EA6D37F-5254-37D1-C886-A1003F1E773E}.Release DLL|Win32.Build.0 = Release DLL|Win32
		{0EA6D37F-5254-37D1-C886-A1003F1E773E}.Debug|Win32.ActiveCfg = Debug|Win32
		{0EA6D37F-5254-37D1-C886-A1003F1E773E}.Debug|Win32.Build.0 = Debug|Win32
		{0EA6D37F-5254-37D1-C886-A1003F1E773E}.Release|Win32.ActiveCfg = Release|Win32
		{0EA6D37F-5254-37D1-C886-A1003F1E773E}.Release|Win32.Build.0 = Release|Win32
	EndGlobalSection
	GlobalSection(SolutionProperties) = preSolution
		HideSolutionNode = FALSE
	EndGlobalSection
EndGlobal
