
Microsoft Visual Studio Solution File, Format Version 9.00
# Visual Studio 2005
Project("{8BC9CEB8-8B4A-11D0-8D11-00A0C91BC942}") = "ddscs", "ddscs.vcproj", "{F7D9B1F2-168C-422E-8680-D9C86C394CEE}"
EndProject
Global
	GlobalSection(SolutionConfigurationPlatforms) = preSolution
		Debug DDSDyn|Win32 = Debug DDSDyn|Win32
		Debug DDSStatic|Win32 = Debug DDSStatic|Win32
		Debug|Win32 = Debug|Win32
		Release DDSDyn|Win32 = Release DDSDyn|Win32
		Release DDSStatic|Win32 = Release DDSStatic|Win32
		Release|Win32 = Release|Win32
	EndGlobalSection
	GlobalSection(ProjectConfigurationPlatforms) = postSolution
		{F7D9B1F2-168C-422E-8680-D9C86C394CEE}.Debug DDSDyn|Win32.ActiveCfg = Debug DDSDyn|Win32
		{F7D9B1F2-168C-422E-8680-D9C86C394CEE}.Debug DDSDyn|Win32.Build.0 = Debug DDSDyn|Win32
		{F7D9B1F2-168C-422E-8680-D9C86C394CEE}.Debug DDSStatic|Win32.ActiveCfg = Debug DDSStatic|Win32
		{F7D9B1F2-168C-422E-8680-D9C86C394CEE}.Debug DDSStatic|Win32.Build.0 = Debug DDSStatic|Win32
		{F7D9B1F2-168C-422E-8680-D9C86C394CEE}.Debug|Win32.ActiveCfg = Debug DDSStatic|Win32
		{F7D9B1F2-168C-422E-8680-D9C86C394CEE}.Debug|Win32.Build.0 = Debug DDSStatic|Win32
		{F7D9B1F2-168C-422E-8680-D9C86C394CEE}.Release DDSDyn|Win32.ActiveCfg = Release DDSDyn|Win32
		{F7D9B1F2-168C-422E-8680-D9C86C394CEE}.Release DDSDyn|Win32.Build.0 = Release DDSDyn|Win32
		{F7D9B1F2-168C-422E-8680-D9C86C394CEE}.Release DDSStatic|Win32.ActiveCfg = Release DDSStatic|Win32
		{F7D9B1F2-168C-422E-8680-D9C86C394CEE}.Release DDSStatic|Win32.Build.0 = Release DDSStatic|Win32
		{F7D9B1F2-168C-422E-8680-D9C86C394CEE}.Release|Win32.ActiveCfg = Release DDSStatic|Win32
		{F7D9B1F2-168C-422E-8680-D9C86C394CEE}.Release|Win32.Build.0 = Release DDSStatic|Win32
	EndGlobalSection
	GlobalSection(SolutionProperties) = preSolution
		HideSolutionNode = FALSE
	EndGlobalSection
EndGlobal
