Microsoft Visual Studio Solution File, Format Version 9.00
# Visual Studio 2005
Project("{8BC9CEB8-8B4A-11D0-8D11-00A0C91BC942}") = "MultithreadTestServer", "MultithreadTestServer-vs2005.vcproj", "{971CF5A9-C117-6BCD-FACE-E0AE389A13C3}"
EndProject
Project("{8BC9CEB8-8B4A-11D0-8D11-00A0C91BC942}") = "MultithreadTestClient", "MultithreadTestClient-vs2005.vcproj", "{BA02399D-C1B3-8E50-7B58-4FE5323B2860}"
	ProjectSection(ProjectDependencies) = postProject
		{971CF5A9-C117-6BCD-FACE-E0AE389A13C3} = {971CF5A9-C117-6BCD-FACE-E0AE389A13C3}
	EndProjectSectionEndProject
Global
	GlobalSection(SolutionConfigurationPlatforms) = preSolution
		Debug DLL|Win32 = Debug DLL|Win32
		Release DLL|Win32 = Release DLL|Win32
		Debug|Win32 = Debug|Win32
		Release|Win32 = Release|Win32
	EndGlobalSection
	GlobalSection(ProjectConfigurationPlatforms) = postSolution
		{971CF5A9-C117-6BCD-FACE-E0AE389A13C3}.Debug DLL|Win32.ActiveCfg = Debug DLL|Win32
		{971CF5A9-C117-6BCD-FACE-E0AE389A13C3}.Debug DLL|Win32.Build.0 = Debug DLL|Win32
		{971CF5A9-C117-6BCD-FACE-E0AE389A13C3}.Release DLL|Win32.ActiveCfg = Release DLL|Win32
		{971CF5A9-C117-6BCD-FACE-E0AE389A13C3}.Release DLL|Win32.Build.0 = Release DLL|Win32
		{971CF5A9-C117-6BCD-FACE-E0AE389A13C3}.Debug|Win32.ActiveCfg = Debug|Win32
		{971CF5A9-C117-6BCD-FACE-E0AE389A13C3}.Debug|Win32.Build.0 = Debug|Win32
		{971CF5A9-C117-6BCD-FACE-E0AE389A13C3}.Release|Win32.ActiveCfg = Release|Win32
		{971CF5A9-C117-6BCD-FACE-E0AE389A13C3}.Release|Win32.Build.0 = Release|Win32
		{BA02399D-C1B3-8E50-7B58-4FE5323B2860}.Debug DLL|Win32.ActiveCfg = Debug DLL|Win32
		{BA02399D-C1B3-8E50-7B58-4FE5323B2860}.Debug DLL|Win32.Build.0 = Debug DLL|Win32
		{BA02399D-C1B3-8E50-7B58-4FE5323B2860}.Release DLL|Win32.ActiveCfg = Release DLL|Win32
		{BA02399D-C1B3-8E50-7B58-4FE5323B2860}.Release DLL|Win32.Build.0 = Release DLL|Win32
		{BA02399D-C1B3-8E50-7B58-4FE5323B2860}.Debug|Win32.ActiveCfg = Debug|Win32
		{BA02399D-C1B3-8E50-7B58-4FE5323B2860}.Debug|Win32.Build.0 = Debug|Win32
		{BA02399D-C1B3-8E50-7B58-4FE5323B2860}.Release|Win32.ActiveCfg = Release|Win32
		{BA02399D-C1B3-8E50-7B58-4FE5323B2860}.Release|Win32.Build.0 = Release|Win32
	EndGlobalSection
	GlobalSection(SolutionProperties) = preSolution
		HideSolutionNode = FALSE
	EndGlobalSection
EndGlobal
