Microsoft Visual Studio Solution File, Format Version 11.00
# Visual Studio 2010
Project("{8BC9CEB8-8B4A-11D0-8D11-00A0C91BC942}") = "UnionTestServer", "UnionTestServer-vs2010.vcxproj", "{9DA27D4C-E451-14AB-DDE9-D1E33067C02B}"
EndProject
Project("{8BC9CEB8-8B4A-11D0-8D11-00A0C91BC942}") = "UnionTestClient", "UnionTestClient-vs2010.vcxproj", "{63D39A2F-8FA4-85BD-4545-2E39DA75960E}"
	ProjectSection(ProjectDependencies) = postProject
		{9DA27D4C-E451-14AB-DDE9-D1E33067C02B} = {9DA27D4C-E451-14AB-DDE9-D1E33067C02B}
	EndProjectSection
EndProject
Global
	GlobalSection(SolutionConfigurationPlatforms) = preSolution
		Debug DLL|x64 = Debug DLL|x64
		Release DLL|x64 = Release DLL|x64
		Debug|x64 = Debug|x64
		Release|x64 = Release|x64
	EndGlobalSection
	GlobalSection(ProjectConfigurationPlatforms) = postSolution
		{9DA27D4C-E451-14AB-DDE9-D1E33067C02B}.Debug DLL|x64.ActiveCfg = Debug DLL|x64
		{9DA27D4C-E451-14AB-DDE9-D1E33067C02B}.Debug DLL|x64.Build.0 = Debug DLL|x64
		{9DA27D4C-E451-14AB-DDE9-D1E33067C02B}.Release DLL|x64.ActiveCfg = Release DLL|x64
		{9DA27D4C-E451-14AB-DDE9-D1E33067C02B}.Release DLL|x64.Build.0 = Release DLL|x64
		{9DA27D4C-E451-14AB-DDE9-D1E33067C02B}.Debug|x64.ActiveCfg = Debug|x64
		{9DA27D4C-E451-14AB-DDE9-D1E33067C02B}.Debug|x64.Build.0 = Debug|x64
		{9DA27D4C-E451-14AB-DDE9-D1E33067C02B}.Release|x64.ActiveCfg = Release|x64
		{9DA27D4C-E451-14AB-DDE9-D1E33067C02B}.Release|x64.Build.0 = Release|x64
		{63D39A2F-8FA4-85BD-4545-2E39DA75960E}.Debug DLL|x64.ActiveCfg = Debug DLL|x64
		{63D39A2F-8FA4-85BD-4545-2E39DA75960E}.Debug DLL|x64.Build.0 = Debug DLL|x64
		{63D39A2F-8FA4-85BD-4545-2E39DA75960E}.Release DLL|x64.ActiveCfg = Release DLL|x64
		{63D39A2F-8FA4-85BD-4545-2E39DA75960E}.Release DLL|x64.Build.0 = Release DLL|x64
		{63D39A2F-8FA4-85BD-4545-2E39DA75960E}.Debug|x64.ActiveCfg = Debug|x64
		{63D39A2F-8FA4-85BD-4545-2E39DA75960E}.Debug|x64.Build.0 = Debug|x64
		{63D39A2F-8FA4-85BD-4545-2E39DA75960E}.Release|x64.ActiveCfg = Release|x64
		{63D39A2F-8FA4-85BD-4545-2E39DA75960E}.Release|x64.Build.0 = Release|x64
	EndGlobalSection
	GlobalSection(SolutionProperties) = preSolution
		HideSolutionNode = FALSE
	EndGlobalSection
EndGlobal
