Microsoft Visual Studio Solution File, Format Version 11.00
# Visual Studio 2010
Project("{8BC9CEB8-8B4A-11D0-8D11-00A0C91BC942}") = "ServerExceptionServer", "ServerExceptionServer-vs2010.vcxproj", "{B5C7F500-5BFC-23EF-B50F-DAA23C7CFEA4}"
EndProject
Project("{8BC9CEB8-8B4A-11D0-8D11-00A0C91BC942}") = "ServerExceptionClient", "ServerExceptionClient-vs2010.vcxproj", "{FC670BCB-E220-C555-916B-1ED64D987259}"
	ProjectSection(ProjectDependencies) = postProject
		{B5C7F500-5BFC-23EF-B50F-DAA23C7CFEA4} = {B5C7F500-5BFC-23EF-B50F-DAA23C7CFEA4}
	EndProjectSection
EndProject
Global
	GlobalSection(SolutionConfigurationPlatforms) = preSolution
		Debug DLL|Win32 = Debug DLL|Win32
		Release DLL|Win32 = Release DLL|Win32
		Debug|Win32 = Debug|Win32
		Release|Win32 = Release|Win32
	EndGlobalSection
	GlobalSection(ProjectConfigurationPlatforms) = postSolution
		{B5C7F500-5BFC-23EF-B50F-DAA23C7CFEA4}.Debug DLL|Win32.ActiveCfg = Debug DLL|Win32
		{B5C7F500-5BFC-23EF-B50F-DAA23C7CFEA4}.Debug DLL|Win32.Build.0 = Debug DLL|Win32
		{B5C7F500-5BFC-23EF-B50F-DAA23C7CFEA4}.Release DLL|Win32.ActiveCfg = Release DLL|Win32
		{B5C7F500-5BFC-23EF-B50F-DAA23C7CFEA4}.Release DLL|Win32.Build.0 = Release DLL|Win32
		{B5C7F500-5BFC-23EF-B50F-DAA23C7CFEA4}.Debug|Win32.ActiveCfg = Debug|Win32
		{B5C7F500-5BFC-23EF-B50F-DAA23C7CFEA4}.Debug|Win32.Build.0 = Debug|Win32
		{B5C7F500-5BFC-23EF-B50F-DAA23C7CFEA4}.Release|Win32.ActiveCfg = Release|Win32
		{B5C7F500-5BFC-23EF-B50F-DAA23C7CFEA4}.Release|Win32.Build.0 = Release|Win32
		{FC670BCB-E220-C555-916B-1ED64D987259}.Debug DLL|Win32.ActiveCfg = Debug DLL|Win32
		{FC670BCB-E220-C555-916B-1ED64D987259}.Debug DLL|Win32.Build.0 = Debug DLL|Win32
		{FC670BCB-E220-C555-916B-1ED64D987259}.Release DLL|Win32.ActiveCfg = Release DLL|Win32
		{FC670BCB-E220-C555-916B-1ED64D987259}.Release DLL|Win32.Build.0 = Release DLL|Win32
		{FC670BCB-E220-C555-916B-1ED64D987259}.Debug|Win32.ActiveCfg = Debug|Win32
		{FC670BCB-E220-C555-916B-1ED64D987259}.Debug|Win32.Build.0 = Debug|Win32
		{FC670BCB-E220-C555-916B-1ED64D987259}.Release|Win32.ActiveCfg = Release|Win32
		{FC670BCB-E220-C555-916B-1ED64D987259}.Release|Win32.Build.0 = Release|Win32
	EndGlobalSection
	GlobalSection(SolutionProperties) = preSolution
		HideSolutionNode = FALSE
	EndGlobalSection
EndGlobal
