Microsoft Visual Studio Solution File, Format Version 11.00
# Visual Studio 2010
Project("{8BC9CEB8-8B4A-11D0-8D11-00A0C91BC942}") = "EnumYStringTestServer", "EnumYStringTestServer-vs2010.vcxproj", "{0D82E7FA-B1A6-778C-E231-C73D61663550}"
EndProject
Project("{8BC9CEB8-8B4A-11D0-8D11-00A0C91BC942}") = "EnumYStringTestClient", "EnumYStringTestClient-vs2010.vcxproj", "{A0732316-C91F-A843-C723-D8D37F6B3BD8}"
	ProjectSection(ProjectDependencies) = postProject
		{0D82E7FA-B1A6-778C-E231-C73D61663550} = {0D82E7FA-B1A6-778C-E231-C73D61663550}
	EndProjectSection
EndProject
Global
	GlobalSection(SolutionConfigurationPlatforms) = preSolution
		Debug DLL|x64 = Debug DLL|x64
		Release DLL|x64 = Release DLL|x64
		Debug|x64 = Debug|x64
		Release|x64 = Release|x64
	EndGlobalSection
	GlobalSection(ProjectConfigurationPlatforms) = postSolution
		{0D82E7FA-B1A6-778C-E231-C73D61663550}.Debug DLL|x64.ActiveCfg = Debug DLL|x64
		{0D82E7FA-B1A6-778C-E231-C73D61663550}.Debug DLL|x64.Build.0 = Debug DLL|x64
		{0D82E7FA-B1A6-778C-E231-C73D61663550}.Release DLL|x64.ActiveCfg = Release DLL|x64
		{0D82E7FA-B1A6-778C-E231-C73D61663550}.Release DLL|x64.Build.0 = Release DLL|x64
		{0D82E7FA-B1A6-778C-E231-C73D61663550}.Debug|x64.ActiveCfg = Debug|x64
		{0D82E7FA-B1A6-778C-E231-C73D61663550}.Debug|x64.Build.0 = Debug|x64
		{0D82E7FA-B1A6-778C-E231-C73D61663550}.Release|x64.ActiveCfg = Release|x64
		{0D82E7FA-B1A6-778C-E231-C73D61663550}.Release|x64.Build.0 = Release|x64
		{A0732316-C91F-A843-C723-D8D37F6B3BD8}.Debug DLL|x64.ActiveCfg = Debug DLL|x64
		{A0732316-C91F-A843-C723-D8D37F6B3BD8}.Debug DLL|x64.Build.0 = Debug DLL|x64
		{A0732316-C91F-A843-C723-D8D37F6B3BD8}.Release DLL|x64.ActiveCfg = Release DLL|x64
		{A0732316-C91F-A843-C723-D8D37F6B3BD8}.Release DLL|x64.Build.0 = Release DLL|x64
		{A0732316-C91F-A843-C723-D8D37F6B3BD8}.Debug|x64.ActiveCfg = Debug|x64
		{A0732316-C91F-A843-C723-D8D37F6B3BD8}.Debug|x64.Build.0 = Debug|x64
		{A0732316-C91F-A843-C723-D8D37F6B3BD8}.Release|x64.ActiveCfg = Release|x64
		{A0732316-C91F-A843-C723-D8D37F6B3BD8}.Release|x64.Build.0 = Release|x64
	EndGlobalSection
	GlobalSection(SolutionProperties) = preSolution
		HideSolutionNode = FALSE
	EndGlobalSection
EndGlobal
