Microsoft Visual Studio Solution File, Format Version 9.00
# Visual Studio 2005
Project("{8BC9CEB8-8B4A-11D0-8D11-00A0C91BC942}") = "SequenceTestServer", "SequenceTestServer-vs2005.vcproj", "{67A04078-4DDD-F6F6-4470-C98B4962B6B4}"
EndProject
Project("{8BC9CEB8-8B4A-11D0-8D11-00A0C91BC942}") = "SequenceTestClient", "SequenceTestClient-vs2005.vcproj", "{E0D057A5-8A12-F3F6-1BCB-D85E325CF362}"
	ProjectSection(ProjectDependencies) = postProject
		{67A04078-4DDD-F6F6-4470-C98B4962B6B4} = {67A04078-4DDD-F6F6-4470-C98B4962B6B4}
	EndProjectSectionEndProject
Global
	GlobalSection(SolutionConfigurationPlatforms) = preSolution
		Debug DLL|Win32 = Debug DLL|Win32
		Release DLL|Win32 = Release DLL|Win32
		Debug|Win32 = Debug|Win32
		Release|Win32 = Release|Win32
	EndGlobalSection
	GlobalSection(ProjectConfigurationPlatforms) = postSolution
		{67A04078-4DDD-F6F6-4470-C98B4962B6B4}.Debug DLL|Win32.ActiveCfg = Debug DLL|Win32
		{67A04078-4DDD-F6F6-4470-C98B4962B6B4}.Debug DLL|Win32.Build.0 = Debug DLL|Win32
		{67A04078-4DDD-F6F6-4470-C98B4962B6B4}.Release DLL|Win32.ActiveCfg = Release DLL|Win32
		{67A04078-4DDD-F6F6-4470-C98B4962B6B4}.Release DLL|Win32.Build.0 = Release DLL|Win32
		{67A04078-4DDD-F6F6-4470-C98B4962B6B4}.Debug|Win32.ActiveCfg = Debug|Win32
		{67A04078-4DDD-F6F6-4470-C98B4962B6B4}.Debug|Win32.Build.0 = Debug|Win32
		{67A04078-4DDD-F6F6-4470-C98B4962B6B4}.Release|Win32.ActiveCfg = Release|Win32
		{67A04078-4DDD-F6F6-4470-C98B4962B6B4}.Release|Win32.Build.0 = Release|Win32
		{E0D057A5-8A12-F3F6-1BCB-D85E325CF362}.Debug DLL|Win32.ActiveCfg = Debug DLL|Win32
		{E0D057A5-8A12-F3F6-1BCB-D85E325CF362}.Debug DLL|Win32.Build.0 = Debug DLL|Win32
		{E0D057A5-8A12-F3F6-1BCB-D85E325CF362}.Release DLL|Win32.ActiveCfg = Release DLL|Win32
		{E0D057A5-8A12-F3F6-1BCB-D85E325CF362}.Release DLL|Win32.Build.0 = Release DLL|Win32
		{E0D057A5-8A12-F3F6-1BCB-D85E325CF362}.Debug|Win32.ActiveCfg = Debug|Win32
		{E0D057A5-8A12-F3F6-1BCB-D85E325CF362}.Debug|Win32.Build.0 = Debug|Win32
		{E0D057A5-8A12-F3F6-1BCB-D85E325CF362}.Release|Win32.ActiveCfg = Release|Win32
		{E0D057A5-8A12-F3F6-1BCB-D85E325CF362}.Release|Win32.Build.0 = Release|Win32
	EndGlobalSection
	GlobalSection(SolutionProperties) = preSolution
		HideSolutionNode = FALSE
	EndGlobalSection
EndGlobal
