Microsoft Visual Studio Solution File, Format Version 11.00
# Visual Studio 2010
Project("{8BC9CEB8-8B4A-11D0-8D11-00A0C91BC942}") = "Calculator", "Calculator-x64Win64VS2010.vcxproj", "{047D5FBF-EB3E-B2D2-8C4E-83BF32FC1914}"
EndProject
Project("{8BC9CEB8-8B4A-11D0-8D11-00A0C91BC942}") = "CalculatorClient", "CalculatorClient-x64Win64VS2010.vcxproj", "{9692555B-41CD-A486-655E-55C877DEA017}"
	ProjectSection(ProjectDependencies) = postProject
		{047D5FBF-EB3E-B2D2-8C4E-83BF32FC1914} = {047D5FBF-EB3E-B2D2-8C4E-83BF32FC1914}
	EndProjectSection
EndProject
Project("{8BC9CEB8-8B4A-11D0-8D11-00A0C91BC942}") = "CalculatorClientExample", "CalculatorClientExample-x64Win64VS2010.vcxproj", "{DCB4BA79-CA32-8B69-FDBD-3091C8C83F73}"
	ProjectSection(ProjectDependencies) = postProject
		{9692555B-41CD-A486-655E-55C877DEA017} = {9692555B-41CD-A486-655E-55C877DEA017}
	EndProjectSection
EndProject
Project("{8BC9CEB8-8B4A-11D0-8D11-00A0C91BC942}") = "CalculatorServer", "CalculatorServer-x64Win64VS2010.vcxproj", "{BDFA2836-82F1-21E2-7AAE-34A8DF260123}"
	ProjectSection(ProjectDependencies) = postProject
		{047D5FBF-EB3E-B2D2-8C4E-83BF32FC1914} = {047D5FBF-EB3E-B2D2-8C4E-83BF32FC1914}
	EndProjectSection
EndProject
Project("{8BC9CEB8-8B4A-11D0-8D11-00A0C91BC942}") = "CalculatorServerExample", "CalculatorServerExample-x64Win64VS2010.vcxproj", "{C656E6C9-1201-749D-D14D-7C43CB2556B0}"
	ProjectSection(ProjectDependencies) = postProject
		{BDFA2836-82F1-21E2-7AAE-34A8DF260123} = {BDFA2836-82F1-21E2-7AAE-34A8DF260123}
	EndProjectSection
EndProject
Global
	GlobalSection(SolutionConfigurationPlatforms) = preSolution
		Debug DLL|x64 = Debug DLL|x64
		Release DLL|x64 = Release DLL|x64
		Debug|x64 = Debug|x64
		Release|x64 = Release|x64
	EndGlobalSection
	GlobalSection(ProjectConfigurationPlatforms) = postSolution
		{047D5FBF-EB3E-B2D2-8C4E-83BF32FC1914}.Debug DLL|x64.ActiveCfg = Debug DLL|x64
		{047D5FBF-EB3E-B2D2-8C4E-83BF32FC1914}.Debug DLL|x64.Build.0 = Debug DLL|x64
		{9692555B-41CD-A486-655E-55C877DEA017}.Debug DLL|x64.ActiveCfg = Debug DLL|x64
		{9692555B-41CD-A486-655E-55C877DEA017}.Debug DLL|x64.Build.0 = Debug DLL|x64
		{DCB4BA79-CA32-8B69-FDBD-3091C8C83F73}.Debug DLL|x64.ActiveCfg = Debug DLL|x64
		{DCB4BA79-CA32-8B69-FDBD-3091C8C83F73}.Debug DLL|x64.Build.0 = Debug DLL|x64
		{BDFA2836-82F1-21E2-7AAE-34A8DF260123}.Debug DLL|x64.ActiveCfg = Debug DLL|x64
		{BDFA2836-82F1-21E2-7AAE-34A8DF260123}.Debug DLL|x64.Build.0 = Debug DLL|x64
		{C656E6C9-1201-749D-D14D-7C43CB2556B0}.Debug DLL|x64.ActiveCfg = Debug DLL|x64
		{C656E6C9-1201-749D-D14D-7C43CB2556B0}.Debug DLL|x64.Build.0 = Debug DLL|x64
		{047D5FBF-EB3E-B2D2-8C4E-83BF32FC1914}.Release DLL|x64.ActiveCfg = Release DLL|x64
		{047D5FBF-EB3E-B2D2-8C4E-83BF32FC1914}.Release DLL|x64.Build.0 = Release DLL|x64
		{9692555B-41CD-A486-655E-55C877DEA017}.Release DLL|x64.ActiveCfg = Release DLL|x64
		{9692555B-41CD-A486-655E-55C877DEA017}.Release DLL|x64.Build.0 = Release DLL|x64
		{DCB4BA79-CA32-8B69-FDBD-3091C8C83F73}.Release DLL|x64.ActiveCfg = Release DLL|x64
		{DCB4BA79-CA32-8B69-FDBD-3091C8C83F73}.Release DLL|x64.Build.0 = Release DLL|x64
		{BDFA2836-82F1-21E2-7AAE-34A8DF260123}.Release DLL|x64.ActiveCfg = Release DLL|x64
		{BDFA2836-82F1-21E2-7AAE-34A8DF260123}.Release DLL|x64.Build.0 = Release DLL|x64
		{C656E6C9-1201-749D-D14D-7C43CB2556B0}.Release DLL|x64.ActiveCfg = Release DLL|x64
		{C656E6C9-1201-749D-D14D-7C43CB2556B0}.Release DLL|x64.Build.0 = Release DLL|x64
		{047D5FBF-EB3E-B2D2-8C4E-83BF32FC1914}.Debug|x64.ActiveCfg = Debug|x64
		{047D5FBF-EB3E-B2D2-8C4E-83BF32FC1914}.Debug|x64.Build.0 = Debug|x64
		{9692555B-41CD-A486-655E-55C877DEA017}.Debug|x64.ActiveCfg = Debug|x64
		{9692555B-41CD-A486-655E-55C877DEA017}.Debug|x64.Build.0 = Debug|x64
		{DCB4BA79-CA32-8B69-FDBD-3091C8C83F73}.Debug|x64.ActiveCfg = Debug|x64
		{DCB4BA79-CA32-8B69-FDBD-3091C8C83F73}.Debug|x64.Build.0 = Debug|x64
		{BDFA2836-82F1-21E2-7AAE-34A8DF260123}.Debug|x64.ActiveCfg = Debug|x64
		{BDFA2836-82F1-21E2-7AAE-34A8DF260123}.Debug|x64.Build.0 = Debug|x64
		{C656E6C9-1201-749D-D14D-7C43CB2556B0}.Debug|x64.ActiveCfg = Debug|x64
		{C656E6C9-1201-749D-D14D-7C43CB2556B0}.Debug|x64.Build.0 = Debug|x64
		{047D5FBF-EB3E-B2D2-8C4E-83BF32FC1914}.Release|x64.ActiveCfg = Release|x64
		{047D5FBF-EB3E-B2D2-8C4E-83BF32FC1914}.Release|x64.Build.0 = Release|x64
		{9692555B-41CD-A486-655E-55C877DEA017}.Release|x64.ActiveCfg = Release|x64
		{9692555B-41CD-A486-655E-55C877DEA017}.Release|x64.Build.0 = Release|x64
		{DCB4BA79-CA32-8B69-FDBD-3091C8C83F73}.Release|x64.ActiveCfg = Release|x64
		{DCB4BA79-CA32-8B69-FDBD-3091C8C83F73}.Release|x64.Build.0 = Release|x64
		{BDFA2836-82F1-21E2-7AAE-34A8DF260123}.Release|x64.ActiveCfg = Release|x64
		{BDFA2836-82F1-21E2-7AAE-34A8DF260123}.Release|x64.Build.0 = Release|x64
		{C656E6C9-1201-749D-D14D-7C43CB2556B0}.Release|x64.ActiveCfg = Release|x64
		{C656E6C9-1201-749D-D14D-7C43CB2556B0}.Release|x64.Build.0 = Release|x64
	EndGlobalSection
	GlobalSection(SolutionProperties) = preSolution
		HideSolutionNode = FALSE
	EndGlobalSection
EndGlobal
