Microsoft Visual Studio Solution File, Format Version 11.00
# Visual Studio 2010
Project("{8BC9CEB8-8B4A-11D0-8D11-00A0C91BC942}") = "Calculator", "Calculator-x64Win64VS2010.vcxproj", "{A3AE1F3B-0D1F-F43D-FF85-C11CECED6984}"
EndProject
Project("{8BC9CEB8-8B4A-11D0-8D11-00A0C91BC942}") = "CalculatorClient", "CalculatorClient-x64Win64VS2010.vcxproj", "{47B2787E-C4AA-ADBD-D84E-2AF9DCFE014F}"
	ProjectSection(ProjectDependencies) = postProject
		{A3AE1F3B-0D1F-F43D-FF85-C11CECED6984} = {A3AE1F3B-0D1F-F43D-FF85-C11CECED6984}
	EndProjectSection
EndProject
Project("{8BC9CEB8-8B4A-11D0-8D11-00A0C91BC942}") = "CalculatorClientExample", "CalculatorClientExample-x64Win64VS2010.vcxproj", "{0A549A39-50B8-7B27-F28E-3F49996A5A9F}"
	ProjectSection(ProjectDependencies) = postProject
		{47B2787E-C4AA-ADBD-D84E-2AF9DCFE014F} = {47B2787E-C4AA-ADBD-D84E-2AF9DCFE014F}
	EndProjectSection
EndProject
Project("{8BC9CEB8-8B4A-11D0-8D11-00A0C91BC942}") = "CalculatorServer", "CalculatorServer-x64Win64VS2010.vcxproj", "{864C4795-7A28-F850-821B-7E2FD0635552}"
	ProjectSection(ProjectDependencies) = postProject
		{A3AE1F3B-0D1F-F43D-FF85-C11CECED6984} = {A3AE1F3B-0D1F-F43D-FF85-C11CECED6984}
	EndProjectSection
EndProject
Project("{8BC9CEB8-8B4A-11D0-8D11-00A0C91BC942}") = "CalculatorServerExample", "CalculatorServerExample-x64Win64VS2010.vcxproj", "{41CF91DB-3BAB-6C82-911F-629AF7DD3B5A}"
	ProjectSection(ProjectDependencies) = postProject
		{864C4795-7A28-F850-821B-7E2FD0635552} = {864C4795-7A28-F850-821B-7E2FD0635552}
	EndProjectSection
EndProject
Global
	GlobalSection(SolutionConfigurationPlatforms) = preSolution
		Debug DLL|x64 = Debug DLL|x64
		Release DLL|x64 = Release DLL|x64
		Debug|x64 = Debug|x64
		Release|x64 = Release|x64
	EndGlobalSection
	GlobalSection(ProjectConfigurationPlatforms) = postSolution
		{A3AE1F3B-0D1F-F43D-FF85-C11CECED6984}.Debug DLL|x64.ActiveCfg = Debug DLL|x64
		{A3AE1F3B-0D1F-F43D-FF85-C11CECED6984}.Debug DLL|x64.Build.0 = Debug DLL|x64
		{47B2787E-C4AA-ADBD-D84E-2AF9DCFE014F}.Debug DLL|x64.ActiveCfg = Debug DLL|x64
		{47B2787E-C4AA-ADBD-D84E-2AF9DCFE014F}.Debug DLL|x64.Build.0 = Debug DLL|x64
		{0A549A39-50B8-7B27-F28E-3F49996A5A9F}.Debug DLL|x64.ActiveCfg = Debug DLL|x64
		{0A549A39-50B8-7B27-F28E-3F49996A5A9F}.Debug DLL|x64.Build.0 = Debug DLL|x64
		{864C4795-7A28-F850-821B-7E2FD0635552}.Debug DLL|x64.ActiveCfg = Debug DLL|x64
		{864C4795-7A28-F850-821B-7E2FD0635552}.Debug DLL|x64.Build.0 = Debug DLL|x64
		{41CF91DB-3BAB-6C82-911F-629AF7DD3B5A}.Debug DLL|x64.ActiveCfg = Debug DLL|x64
		{41CF91DB-3BAB-6C82-911F-629AF7DD3B5A}.Debug DLL|x64.Build.0 = Debug DLL|x64
		{A3AE1F3B-0D1F-F43D-FF85-C11CECED6984}.Release DLL|x64.ActiveCfg = Release DLL|x64
		{A3AE1F3B-0D1F-F43D-FF85-C11CECED6984}.Release DLL|x64.Build.0 = Release DLL|x64
		{47B2787E-C4AA-ADBD-D84E-2AF9DCFE014F}.Release DLL|x64.ActiveCfg = Release DLL|x64
		{47B2787E-C4AA-ADBD-D84E-2AF9DCFE014F}.Release DLL|x64.Build.0 = Release DLL|x64
		{0A549A39-50B8-7B27-F28E-3F49996A5A9F}.Release DLL|x64.ActiveCfg = Release DLL|x64
		{0A549A39-50B8-7B27-F28E-3F49996A5A9F}.Release DLL|x64.Build.0 = Release DLL|x64
		{864C4795-7A28-F850-821B-7E2FD0635552}.Release DLL|x64.ActiveCfg = Release DLL|x64
		{864C4795-7A28-F850-821B-7E2FD0635552}.Release DLL|x64.Build.0 = Release DLL|x64
		{41CF91DB-3BAB-6C82-911F-629AF7DD3B5A}.Release DLL|x64.ActiveCfg = Release DLL|x64
		{41CF91DB-3BAB-6C82-911F-629AF7DD3B5A}.Release DLL|x64.Build.0 = Release DLL|x64
		{A3AE1F3B-0D1F-F43D-FF85-C11CECED6984}.Debug|x64.ActiveCfg = Debug|x64
		{A3AE1F3B-0D1F-F43D-FF85-C11CECED6984}.Debug|x64.Build.0 = Debug|x64
		{47B2787E-C4AA-ADBD-D84E-2AF9DCFE014F}.Debug|x64.ActiveCfg = Debug|x64
		{47B2787E-C4AA-ADBD-D84E-2AF9DCFE014F}.Debug|x64.Build.0 = Debug|x64
		{0A549A39-50B8-7B27-F28E-3F49996A5A9F}.Debug|x64.ActiveCfg = Debug|x64
		{0A549A39-50B8-7B27-F28E-3F49996A5A9F}.Debug|x64.Build.0 = Debug|x64
		{864C4795-7A28-F850-821B-7E2FD0635552}.Debug|x64.ActiveCfg = Debug|x64
		{864C4795-7A28-F850-821B-7E2FD0635552}.Debug|x64.Build.0 = Debug|x64
		{41CF91DB-3BAB-6C82-911F-629AF7DD3B5A}.Debug|x64.ActiveCfg = Debug|x64
		{41CF91DB-3BAB-6C82-911F-629AF7DD3B5A}.Debug|x64.Build.0 = Debug|x64
		{A3AE1F3B-0D1F-F43D-FF85-C11CECED6984}.Release|x64.ActiveCfg = Release|x64
		{A3AE1F3B-0D1F-F43D-FF85-C11CECED6984}.Release|x64.Build.0 = Release|x64
		{47B2787E-C4AA-ADBD-D84E-2AF9DCFE014F}.Release|x64.ActiveCfg = Release|x64
		{47B2787E-C4AA-ADBD-D84E-2AF9DCFE014F}.Release|x64.Build.0 = Release|x64
		{0A549A39-50B8-7B27-F28E-3F49996A5A9F}.Release|x64.ActiveCfg = Release|x64
		{0A549A39-50B8-7B27-F28E-3F49996A5A9F}.Release|x64.Build.0 = Release|x64
		{864C4795-7A28-F850-821B-7E2FD0635552}.Release|x64.ActiveCfg = Release|x64
		{864C4795-7A28-F850-821B-7E2FD0635552}.Release|x64.Build.0 = Release|x64
		{41CF91DB-3BAB-6C82-911F-629AF7DD3B5A}.Release|x64.ActiveCfg = Release|x64
		{41CF91DB-3BAB-6C82-911F-629AF7DD3B5A}.Release|x64.Build.0 = Release|x64
	EndGlobalSection
	GlobalSection(SolutionProperties) = preSolution
		HideSolutionNode = FALSE
	EndGlobalSection
EndGlobal
