Microsoft Visual Studio Solution File, Format Version 11.00
# Visual Studio 2010
Project("{8BC9CEB8-8B4A-11D0-8D11-00A0C91BC942}") = "Calculator", "Calculator-i86Win32VS2010.vcxproj", "{B8307422-91F6-FEE0-1A5A-328BCE226263}"
EndProject
Project("{8BC9CEB8-8B4A-11D0-8D11-00A0C91BC942}") = "CalculatorClient", "CalculatorClient-i86Win32VS2010.vcxproj", "{16FC66CE-5221-6DC1-5330-E18BB6A0F5B8}"
	ProjectSection(ProjectDependencies) = postProject
		{B8307422-91F6-FEE0-1A5A-328BCE226263} = {B8307422-91F6-FEE0-1A5A-328BCE226263}
	EndProjectSection
EndProject
Project("{8BC9CEB8-8B4A-11D0-8D11-00A0C91BC942}") = "CalculatorClientExample", "CalculatorClientExample-i86Win32VS2010.vcxproj", "{0E6A9562-A68A-329C-D114-DB170ACFE8E2}"
	ProjectSection(ProjectDependencies) = postProject
		{16FC66CE-5221-6DC1-5330-E18BB6A0F5B8} = {16FC66CE-5221-6DC1-5330-E18BB6A0F5B8}
	EndProjectSection
EndProject
Project("{8BC9CEB8-8B4A-11D0-8D11-00A0C91BC942}") = "CalculatorServer", "CalculatorServer-i86Win32VS2010.vcxproj", "{22A83F5E-AF52-8058-3F84-AD4D2D0DFCAF}"
	ProjectSection(ProjectDependencies) = postProject
		{B8307422-91F6-FEE0-1A5A-328BCE226263} = {B8307422-91F6-FEE0-1A5A-328BCE226263}
	EndProjectSection
EndProject
Project("{8BC9CEB8-8B4A-11D0-8D11-00A0C91BC942}") = "CalculatorServerExample", "CalculatorServerExample-i86Win32VS2010.vcxproj", "{0DCD8CE6-F321-9DA4-6C79-2EA6BEF9B100}"
	ProjectSection(ProjectDependencies) = postProject
		{22A83F5E-AF52-8058-3F84-AD4D2D0DFCAF} = {22A83F5E-AF52-8058-3F84-AD4D2D0DFCAF}
	EndProjectSection
EndProject
Global
	GlobalSection(SolutionConfigurationPlatforms) = preSolution
		Debug DLL|Win32 = Debug DLL|Win32
		Release DLL|Win32 = Release DLL|Win32
		Debug|Win32 = Debug|Win32
		Release|Win32 = Release|Win32
	EndGlobalSection
	GlobalSection(ProjectConfigurationPlatforms) = postSolution
		{B8307422-91F6-FEE0-1A5A-328BCE226263}.Debug DLL|Win32.ActiveCfg = Debug DLL|Win32
		{B8307422-91F6-FEE0-1A5A-328BCE226263}.Debug DLL|Win32.Build.0 = Debug DLL|Win32
		{16FC66CE-5221-6DC1-5330-E18BB6A0F5B8}.Debug DLL|Win32.ActiveCfg = Debug DLL|Win32
		{16FC66CE-5221-6DC1-5330-E18BB6A0F5B8}.Debug DLL|Win32.Build.0 = Debug DLL|Win32
		{0E6A9562-A68A-329C-D114-DB170ACFE8E2}.Debug DLL|Win32.ActiveCfg = Debug DLL|Win32
		{0E6A9562-A68A-329C-D114-DB170ACFE8E2}.Debug DLL|Win32.Build.0 = Debug DLL|Win32
		{22A83F5E-AF52-8058-3F84-AD4D2D0DFCAF}.Debug DLL|Win32.ActiveCfg = Debug DLL|Win32
		{22A83F5E-AF52-8058-3F84-AD4D2D0DFCAF}.Debug DLL|Win32.Build.0 = Debug DLL|Win32
		{0DCD8CE6-F321-9DA4-6C79-2EA6BEF9B100}.Debug DLL|Win32.ActiveCfg = Debug DLL|Win32
		{0DCD8CE6-F321-9DA4-6C79-2EA6BEF9B100}.Debug DLL|Win32.Build.0 = Debug DLL|Win32
		{B8307422-91F6-FEE0-1A5A-328BCE226263}.Release DLL|Win32.ActiveCfg = Release DLL|Win32
		{B8307422-91F6-FEE0-1A5A-328BCE226263}.Release DLL|Win32.Build.0 = Release DLL|Win32
		{16FC66CE-5221-6DC1-5330-E18BB6A0F5B8}.Release DLL|Win32.ActiveCfg = Release DLL|Win32
		{16FC66CE-5221-6DC1-5330-E18BB6A0F5B8}.Release DLL|Win32.Build.0 = Release DLL|Win32
		{0E6A9562-A68A-329C-D114-DB170ACFE8E2}.Release DLL|Win32.ActiveCfg = Release DLL|Win32
		{0E6A9562-A68A-329C-D114-DB170ACFE8E2}.Release DLL|Win32.Build.0 = Release DLL|Win32
		{22A83F5E-AF52-8058-3F84-AD4D2D0DFCAF}.Release DLL|Win32.ActiveCfg = Release DLL|Win32
		{22A83F5E-AF52-8058-3F84-AD4D2D0DFCAF}.Release DLL|Win32.Build.0 = Release DLL|Win32
		{0DCD8CE6-F321-9DA4-6C79-2EA6BEF9B100}.Release DLL|Win32.ActiveCfg = Release DLL|Win32
		{0DCD8CE6-F321-9DA4-6C79-2EA6BEF9B100}.Release DLL|Win32.Build.0 = Release DLL|Win32
		{B8307422-91F6-FEE0-1A5A-328BCE226263}.Debug|Win32.ActiveCfg = Debug|Win32
		{B8307422-91F6-FEE0-1A5A-328BCE226263}.Debug|Win32.Build.0 = Debug|Win32
		{16FC66CE-5221-6DC1-5330-E18BB6A0F5B8}.Debug|Win32.ActiveCfg = Debug|Win32
		{16FC66CE-5221-6DC1-5330-E18BB6A0F5B8}.Debug|Win32.Build.0 = Debug|Win32
		{0E6A9562-A68A-329C-D114-DB170ACFE8E2}.Debug|Win32.ActiveCfg = Debug|Win32
		{0E6A9562-A68A-329C-D114-DB170ACFE8E2}.Debug|Win32.Build.0 = Debug|Win32
		{22A83F5E-AF52-8058-3F84-AD4D2D0DFCAF}.Debug|Win32.ActiveCfg = Debug|Win32
		{22A83F5E-AF52-8058-3F84-AD4D2D0DFCAF}.Debug|Win32.Build.0 = Debug|Win32
		{0DCD8CE6-F321-9DA4-6C79-2EA6BEF9B100}.Debug|Win32.ActiveCfg = Debug|Win32
		{0DCD8CE6-F321-9DA4-6C79-2EA6BEF9B100}.Debug|Win32.Build.0 = Debug|Win32
		{B8307422-91F6-FEE0-1A5A-328BCE226263}.Release|Win32.ActiveCfg = Release|Win32
		{B8307422-91F6-FEE0-1A5A-328BCE226263}.Release|Win32.Build.0 = Release|Win32
		{16FC66CE-5221-6DC1-5330-E18BB6A0F5B8}.Release|Win32.ActiveCfg = Release|Win32
		{16FC66CE-5221-6DC1-5330-E18BB6A0F5B8}.Release|Win32.Build.0 = Release|Win32
		{0E6A9562-A68A-329C-D114-DB170ACFE8E2}.Release|Win32.ActiveCfg = Release|Win32
		{0E6A9562-A68A-329C-D114-DB170ACFE8E2}.Release|Win32.Build.0 = Release|Win32
		{22A83F5E-AF52-8058-3F84-AD4D2D0DFCAF}.Release|Win32.ActiveCfg = Release|Win32
		{22A83F5E-AF52-8058-3F84-AD4D2D0DFCAF}.Release|Win32.Build.0 = Release|Win32
		{0DCD8CE6-F321-9DA4-6C79-2EA6BEF9B100}.Release|Win32.ActiveCfg = Release|Win32
		{0DCD8CE6-F321-9DA4-6C79-2EA6BEF9B100}.Release|Win32.Build.0 = Release|Win32
	EndGlobalSection
	GlobalSection(SolutionProperties) = preSolution
		HideSolutionNode = FALSE
	EndGlobalSection
EndGlobal
