Microsoft Visual Studio Solution File, Format Version 11.00
# Visual Studio 2010
Project("{8BC9CEB8-8B4A-11D0-8D11-00A0C91BC942}") = "Calculator", "Calculator-i86Win32VS2010.vcxproj", "{A3AE1F3B-0D1F-F43D-FF85-C11CECED6984}"
EndProject
Project("{8BC9CEB8-8B4A-11D0-8D11-00A0C91BC942}") = "CalculatorClient", "CalculatorClient-i86Win32VS2010.vcxproj", "{47B2787E-C4AA-ADBD-D84E-2AF9DCFE014F}"
	ProjectSection(ProjectDependencies) = postProject
		{A3AE1F3B-0D1F-F43D-FF85-C11CECED6984} = {A3AE1F3B-0D1F-F43D-FF85-C11CECED6984}
	EndProjectSection
EndProject
Project("{8BC9CEB8-8B4A-11D0-8D11-00A0C91BC942}") = "CalculatorClientExample", "CalculatorClientExample-i86Win32VS2010.vcxproj", "{0A549A39-50B8-7B27-F28E-3F49996A5A9F}"
	ProjectSection(ProjectDependencies) = postProject
		{47B2787E-C4AA-ADBD-D84E-2AF9DCFE014F} = {47B2787E-C4AA-ADBD-D84E-2AF9DCFE014F}
	EndProjectSection
EndProject
Project("{8BC9CEB8-8B4A-11D0-8D11-00A0C91BC942}") = "CalculatorServer", "CalculatorServer-i86Win32VS2010.vcxproj", "{864C4795-7A28-F850-821B-7E2FD0635552}"
	ProjectSection(ProjectDependencies) = postProject
		{A3AE1F3B-0D1F-F43D-FF85-C11CECED6984} = {A3AE1F3B-0D1F-F43D-FF85-C11CECED6984}
	EndProjectSection
EndProject
Project("{8BC9CEB8-8B4A-11D0-8D11-00A0C91BC942}") = "CalculatorServerExample", "CalculatorServerExample-i86Win32VS2010.vcxproj", "{41CF91DB-3BAB-6C82-911F-629AF7DD3B5A}"
	ProjectSection(ProjectDependencies) = postProject
		{864C4795-7A28-F850-821B-7E2FD0635552} = {864C4795-7A28-F850-821B-7E2FD0635552}
	EndProjectSection
EndProject
Global
	GlobalSection(SolutionConfigurationPlatforms) = preSolution
		Debug DLL|Win32 = Debug DLL|Win32
		Release DLL|Win32 = Release DLL|Win32
		Debug|Win32 = Debug|Win32
		Release|Win32 = Release|Win32
	EndGlobalSection
	GlobalSection(ProjectConfigurationPlatforms) = postSolution
		{A3AE1F3B-0D1F-F43D-FF85-C11CECED6984}.Debug DLL|Win32.ActiveCfg = Debug DLL|Win32
		{A3AE1F3B-0D1F-F43D-FF85-C11CECED6984}.Debug DLL|Win32.Build.0 = Debug DLL|Win32
		{47B2787E-C4AA-ADBD-D84E-2AF9DCFE014F}.Debug DLL|Win32.ActiveCfg = Debug DLL|Win32
		{47B2787E-C4AA-ADBD-D84E-2AF9DCFE014F}.Debug DLL|Win32.Build.0 = Debug DLL|Win32
		{0A549A39-50B8-7B27-F28E-3F49996A5A9F}.Debug DLL|Win32.ActiveCfg = Debug DLL|Win32
		{0A549A39-50B8-7B27-F28E-3F49996A5A9F}.Debug DLL|Win32.Build.0 = Debug DLL|Win32
		{864C4795-7A28-F850-821B-7E2FD0635552}.Debug DLL|Win32.ActiveCfg = Debug DLL|Win32
		{864C4795-7A28-F850-821B-7E2FD0635552}.Debug DLL|Win32.Build.0 = Debug DLL|Win32
		{41CF91DB-3BAB-6C82-911F-629AF7DD3B5A}.Debug DLL|Win32.ActiveCfg = Debug DLL|Win32
		{41CF91DB-3BAB-6C82-911F-629AF7DD3B5A}.Debug DLL|Win32.Build.0 = Debug DLL|Win32
		{A3AE1F3B-0D1F-F43D-FF85-C11CECED6984}.Release DLL|Win32.ActiveCfg = Release DLL|Win32
		{A3AE1F3B-0D1F-F43D-FF85-C11CECED6984}.Release DLL|Win32.Build.0 = Release DLL|Win32
		{47B2787E-C4AA-ADBD-D84E-2AF9DCFE014F}.Release DLL|Win32.ActiveCfg = Release DLL|Win32
		{47B2787E-C4AA-ADBD-D84E-2AF9DCFE014F}.Release DLL|Win32.Build.0 = Release DLL|Win32
		{0A549A39-50B8-7B27-F28E-3F49996A5A9F}.Release DLL|Win32.ActiveCfg = Release DLL|Win32
		{0A549A39-50B8-7B27-F28E-3F49996A5A9F}.Release DLL|Win32.Build.0 = Release DLL|Win32
		{864C4795-7A28-F850-821B-7E2FD0635552}.Release DLL|Win32.ActiveCfg = Release DLL|Win32
		{864C4795-7A28-F850-821B-7E2FD0635552}.Release DLL|Win32.Build.0 = Release DLL|Win32
		{41CF91DB-3BAB-6C82-911F-629AF7DD3B5A}.Release DLL|Win32.ActiveCfg = Release DLL|Win32
		{41CF91DB-3BAB-6C82-911F-629AF7DD3B5A}.Release DLL|Win32.Build.0 = Release DLL|Win32
		{A3AE1F3B-0D1F-F43D-FF85-C11CECED6984}.Debug|Win32.ActiveCfg = Debug|Win32
		{A3AE1F3B-0D1F-F43D-FF85-C11CECED6984}.Debug|Win32.Build.0 = Debug|Win32
		{47B2787E-C4AA-ADBD-D84E-2AF9DCFE014F}.Debug|Win32.ActiveCfg = Debug|Win32
		{47B2787E-C4AA-ADBD-D84E-2AF9DCFE014F}.Debug|Win32.Build.0 = Debug|Win32
		{0A549A39-50B8-7B27-F28E-3F49996A5A9F}.Debug|Win32.ActiveCfg = Debug|Win32
		{0A549A39-50B8-7B27-F28E-3F49996A5A9F}.Debug|Win32.Build.0 = Debug|Win32
		{864C4795-7A28-F850-821B-7E2FD0635552}.Debug|Win32.ActiveCfg = Debug|Win32
		{864C4795-7A28-F850-821B-7E2FD0635552}.Debug|Win32.Build.0 = Debug|Win32
		{41CF91DB-3BAB-6C82-911F-629AF7DD3B5A}.Debug|Win32.ActiveCfg = Debug|Win32
		{41CF91DB-3BAB-6C82-911F-629AF7DD3B5A}.Debug|Win32.Build.0 = Debug|Win32
		{A3AE1F3B-0D1F-F43D-FF85-C11CECED6984}.Release|Win32.ActiveCfg = Release|Win32
		{A3AE1F3B-0D1F-F43D-FF85-C11CECED6984}.Release|Win32.Build.0 = Release|Win32
		{47B2787E-C4AA-ADBD-D84E-2AF9DCFE014F}.Release|Win32.ActiveCfg = Release|Win32
		{47B2787E-C4AA-ADBD-D84E-2AF9DCFE014F}.Release|Win32.Build.0 = Release|Win32
		{0A549A39-50B8-7B27-F28E-3F49996A5A9F}.Release|Win32.ActiveCfg = Release|Win32
		{0A549A39-50B8-7B27-F28E-3F49996A5A9F}.Release|Win32.Build.0 = Release|Win32
		{864C4795-7A28-F850-821B-7E2FD0635552}.Release|Win32.ActiveCfg = Release|Win32
		{864C4795-7A28-F850-821B-7E2FD0635552}.Release|Win32.Build.0 = Release|Win32
		{41CF91DB-3BAB-6C82-911F-629AF7DD3B5A}.Release|Win32.ActiveCfg = Release|Win32
		{41CF91DB-3BAB-6C82-911F-629AF7DD3B5A}.Release|Win32.Build.0 = Release|Win32
	EndGlobalSection
	GlobalSection(SolutionProperties) = preSolution
		HideSolutionNode = FALSE
	EndGlobalSection
EndGlobal
