Microsoft Visual Studio Solution File, Format Version 11.00
# Visual Studio 2010
Project("{8BC9CEB8-8B4A-11D0-8D11-00A0C91BC942}") = "Bank", "Bank-x64Win64VS2010.vcxproj", "{262AC5D0-858D-A63E-C3D4-734080997C49}"
EndProject
Project("{8BC9CEB8-8B4A-11D0-8D11-00A0C91BC942}") = "BankClient", "BankClient-x64Win64VS2010.vcxproj", "{3F7383C1-8381-CA70-E40A-DEB6105F4E01}"
	ProjectSection(ProjectDependencies) = postProject
		{262AC5D0-858D-A63E-C3D4-734080997C49} = {262AC5D0-858D-A63E-C3D4-734080997C49}
	EndProjectSection
EndProject
Project("{8BC9CEB8-8B4A-11D0-8D11-00A0C91BC942}") = "BankClientExample", "BankClientExample-x64Win64VS2010.vcxproj", "{41AEBA74-DABD-F156-9A49-2A0B8110E760}"
	ProjectSection(ProjectDependencies) = postProject
		{3F7383C1-8381-CA70-E40A-DEB6105F4E01} = {3F7383C1-8381-CA70-E40A-DEB6105F4E01}
	EndProjectSection
EndProject
Project("{8BC9CEB8-8B4A-11D0-8D11-00A0C91BC942}") = "BankServer", "BankServer-x64Win64VS2010.vcxproj", "{48AC17F5-E2DE-7CA0-4302-56A7FD481847}"
	ProjectSection(ProjectDependencies) = postProject
		{262AC5D0-858D-A63E-C3D4-734080997C49} = {262AC5D0-858D-A63E-C3D4-734080997C49}
	EndProjectSection
EndProject
Project("{8BC9CEB8-8B4A-11D0-8D11-00A0C91BC942}") = "BankServerExample", "BankServerExample-x64Win64VS2010.vcxproj", "{1B996827-522B-FA11-F8FB-3324B07FCD11}"
	ProjectSection(ProjectDependencies) = postProject
		{48AC17F5-E2DE-7CA0-4302-56A7FD481847} = {48AC17F5-E2DE-7CA0-4302-56A7FD481847}
	EndProjectSection
EndProject
Global
	GlobalSection(SolutionConfigurationPlatforms) = preSolution
		Debug DLL|x64 = Debug DLL|x64
		Release DLL|x64 = Release DLL|x64
		Debug|x64 = Debug|x64
		Release|x64 = Release|x64
	EndGlobalSection
	GlobalSection(ProjectConfigurationPlatforms) = postSolution
		{262AC5D0-858D-A63E-C3D4-734080997C49}.Debug DLL|x64.ActiveCfg = Debug DLL|x64
		{262AC5D0-858D-A63E-C3D4-734080997C49}.Debug DLL|x64.Build.0 = Debug DLL|x64
		{3F7383C1-8381-CA70-E40A-DEB6105F4E01}.Debug DLL|x64.ActiveCfg = Debug DLL|x64
		{3F7383C1-8381-CA70-E40A-DEB6105F4E01}.Debug DLL|x64.Build.0 = Debug DLL|x64
		{41AEBA74-DABD-F156-9A49-2A0B8110E760}.Debug DLL|x64.ActiveCfg = Debug DLL|x64
		{41AEBA74-DABD-F156-9A49-2A0B8110E760}.Debug DLL|x64.Build.0 = Debug DLL|x64
		{48AC17F5-E2DE-7CA0-4302-56A7FD481847}.Debug DLL|x64.ActiveCfg = Debug DLL|x64
		{48AC17F5-E2DE-7CA0-4302-56A7FD481847}.Debug DLL|x64.Build.0 = Debug DLL|x64
		{1B996827-522B-FA11-F8FB-3324B07FCD11}.Debug DLL|x64.ActiveCfg = Debug DLL|x64
		{1B996827-522B-FA11-F8FB-3324B07FCD11}.Debug DLL|x64.Build.0 = Debug DLL|x64
		{262AC5D0-858D-A63E-C3D4-734080997C49}.Release DLL|x64.ActiveCfg = Release DLL|x64
		{262AC5D0-858D-A63E-C3D4-734080997C49}.Release DLL|x64.Build.0 = Release DLL|x64
		{3F7383C1-8381-CA70-E40A-DEB6105F4E01}.Release DLL|x64.ActiveCfg = Release DLL|x64
		{3F7383C1-8381-CA70-E40A-DEB6105F4E01}.Release DLL|x64.Build.0 = Release DLL|x64
		{41AEBA74-DABD-F156-9A49-2A0B8110E760}.Release DLL|x64.ActiveCfg = Release DLL|x64
		{41AEBA74-DABD-F156-9A49-2A0B8110E760}.Release DLL|x64.Build.0 = Release DLL|x64
		{48AC17F5-E2DE-7CA0-4302-56A7FD481847}.Release DLL|x64.ActiveCfg = Release DLL|x64
		{48AC17F5-E2DE-7CA0-4302-56A7FD481847}.Release DLL|x64.Build.0 = Release DLL|x64
		{1B996827-522B-FA11-F8FB-3324B07FCD11}.Release DLL|x64.ActiveCfg = Release DLL|x64
		{1B996827-522B-FA11-F8FB-3324B07FCD11}.Release DLL|x64.Build.0 = Release DLL|x64
		{262AC5D0-858D-A63E-C3D4-734080997C49}.Debug|x64.ActiveCfg = Debug|x64
		{262AC5D0-858D-A63E-C3D4-734080997C49}.Debug|x64.Build.0 = Debug|x64
		{3F7383C1-8381-CA70-E40A-DEB6105F4E01}.Debug|x64.ActiveCfg = Debug|x64
		{3F7383C1-8381-CA70-E40A-DEB6105F4E01}.Debug|x64.Build.0 = Debug|x64
		{41AEBA74-DABD-F156-9A49-2A0B8110E760}.Debug|x64.ActiveCfg = Debug|x64
		{41AEBA74-DABD-F156-9A49-2A0B8110E760}.Debug|x64.Build.0 = Debug|x64
		{48AC17F5-E2DE-7CA0-4302-56A7FD481847}.Debug|x64.ActiveCfg = Debug|x64
		{48AC17F5-E2DE-7CA0-4302-56A7FD481847}.Debug|x64.Build.0 = Debug|x64
		{1B996827-522B-FA11-F8FB-3324B07FCD11}.Debug|x64.ActiveCfg = Debug|x64
		{1B996827-522B-FA11-F8FB-3324B07FCD11}.Debug|x64.Build.0 = Debug|x64
		{262AC5D0-858D-A63E-C3D4-734080997C49}.Release|x64.ActiveCfg = Release|x64
		{262AC5D0-858D-A63E-C3D4-734080997C49}.Release|x64.Build.0 = Release|x64
		{3F7383C1-8381-CA70-E40A-DEB6105F4E01}.Release|x64.ActiveCfg = Release|x64
		{3F7383C1-8381-CA70-E40A-DEB6105F4E01}.Release|x64.Build.0 = Release|x64
		{41AEBA74-DABD-F156-9A49-2A0B8110E760}.Release|x64.ActiveCfg = Release|x64
		{41AEBA74-DABD-F156-9A49-2A0B8110E760}.Release|x64.Build.0 = Release|x64
		{48AC17F5-E2DE-7CA0-4302-56A7FD481847}.Release|x64.ActiveCfg = Release|x64
		{48AC17F5-E2DE-7CA0-4302-56A7FD481847}.Release|x64.Build.0 = Release|x64
		{1B996827-522B-FA11-F8FB-3324B07FCD11}.Release|x64.ActiveCfg = Release|x64
		{1B996827-522B-FA11-F8FB-3324B07FCD11}.Release|x64.Build.0 = Release|x64
	EndGlobalSection
	GlobalSection(SolutionProperties) = preSolution
		HideSolutionNode = FALSE
	EndGlobalSection
EndGlobal
