Microsoft Visual Studio Solution File, Format Version 11.00
# Visual Studio 2010
Project("{8BC9CEB8-8B4A-11D0-8D11-00A0C91BC942}") = "Bank", "Bank-i86Win32VS2010.vcxproj", "{1955C9F4-BAD7-1A8E-1EE1-50FB07D6EBFC}"
EndProject
Project("{8BC9CEB8-8B4A-11D0-8D11-00A0C91BC942}") = "BankClient", "BankClient-i86Win32VS2010.vcxproj", "{8D9F9163-C571-82E4-CA23-A52D200565DD}"
	ProjectSection(ProjectDependencies) = postProject
		{1955C9F4-BAD7-1A8E-1EE1-50FB07D6EBFC} = {1955C9F4-BAD7-1A8E-1EE1-50FB07D6EBFC}
	EndProjectSection
EndProject
Project("{8BC9CEB8-8B4A-11D0-8D11-00A0C91BC942}") = "BankClientExample", "BankClientExample-i86Win32VS2010.vcxproj", "{0798189E-05AF-EB16-62FA-7EB00751A022}"
	ProjectSection(ProjectDependencies) = postProject
		{8D9F9163-C571-82E4-CA23-A52D200565DD} = {8D9F9163-C571-82E4-CA23-A52D200565DD}
	EndProjectSection
EndProject
Project("{8BC9CEB8-8B4A-11D0-8D11-00A0C91BC942}") = "BankServer", "BankServer-i86Win32VS2010.vcxproj", "{BB40972B-645E-EE46-A117-BD2F42F2D562}"
	ProjectSection(ProjectDependencies) = postProject
		{1955C9F4-BAD7-1A8E-1EE1-50FB07D6EBFC} = {1955C9F4-BAD7-1A8E-1EE1-50FB07D6EBFC}
	EndProjectSection
EndProject
Project("{8BC9CEB8-8B4A-11D0-8D11-00A0C91BC942}") = "BankServerExample", "BankServerExample-i86Win32VS2010.vcxproj", "{CEE99EFB-B5C7-DAF0-DB3E-053A29E0F209}"
	ProjectSection(ProjectDependencies) = postProject
		{BB40972B-645E-EE46-A117-BD2F42F2D562} = {BB40972B-645E-EE46-A117-BD2F42F2D562}
	EndProjectSection
EndProject
Global
	GlobalSection(SolutionConfigurationPlatforms) = preSolution
		Debug DLL|Win32 = Debug DLL|Win32
		Release DLL|Win32 = Release DLL|Win32
		Debug|Win32 = Debug|Win32
		Release|Win32 = Release|Win32
	EndGlobalSection
	GlobalSection(ProjectConfigurationPlatforms) = postSolution
		{1955C9F4-BAD7-1A8E-1EE1-50FB07D6EBFC}.Debug DLL|Win32.ActiveCfg = Debug DLL|Win32
		{1955C9F4-BAD7-1A8E-1EE1-50FB07D6EBFC}.Debug DLL|Win32.Build.0 = Debug DLL|Win32
		{8D9F9163-C571-82E4-CA23-A52D200565DD}.Debug DLL|Win32.ActiveCfg = Debug DLL|Win32
		{8D9F9163-C571-82E4-CA23-A52D200565DD}.Debug DLL|Win32.Build.0 = Debug DLL|Win32
		{0798189E-05AF-EB16-62FA-7EB00751A022}.Debug DLL|Win32.ActiveCfg = Debug DLL|Win32
		{0798189E-05AF-EB16-62FA-7EB00751A022}.Debug DLL|Win32.Build.0 = Debug DLL|Win32
		{BB40972B-645E-EE46-A117-BD2F42F2D562}.Debug DLL|Win32.ActiveCfg = Debug DLL|Win32
		{BB40972B-645E-EE46-A117-BD2F42F2D562}.Debug DLL|Win32.Build.0 = Debug DLL|Win32
		{CEE99EFB-B5C7-DAF0-DB3E-053A29E0F209}.Debug DLL|Win32.ActiveCfg = Debug DLL|Win32
		{CEE99EFB-B5C7-DAF0-DB3E-053A29E0F209}.Debug DLL|Win32.Build.0 = Debug DLL|Win32
		{1955C9F4-BAD7-1A8E-1EE1-50FB07D6EBFC}.Release DLL|Win32.ActiveCfg = Release DLL|Win32
		{1955C9F4-BAD7-1A8E-1EE1-50FB07D6EBFC}.Release DLL|Win32.Build.0 = Release DLL|Win32
		{8D9F9163-C571-82E4-CA23-A52D200565DD}.Release DLL|Win32.ActiveCfg = Release DLL|Win32
		{8D9F9163-C571-82E4-CA23-A52D200565DD}.Release DLL|Win32.Build.0 = Release DLL|Win32
		{0798189E-05AF-EB16-62FA-7EB00751A022}.Release DLL|Win32.ActiveCfg = Release DLL|Win32
		{0798189E-05AF-EB16-62FA-7EB00751A022}.Release DLL|Win32.Build.0 = Release DLL|Win32
		{BB40972B-645E-EE46-A117-BD2F42F2D562}.Release DLL|Win32.ActiveCfg = Release DLL|Win32
		{BB40972B-645E-EE46-A117-BD2F42F2D562}.Release DLL|Win32.Build.0 = Release DLL|Win32
		{CEE99EFB-B5C7-DAF0-DB3E-053A29E0F209}.Release DLL|Win32.ActiveCfg = Release DLL|Win32
		{CEE99EFB-B5C7-DAF0-DB3E-053A29E0F209}.Release DLL|Win32.Build.0 = Release DLL|Win32
		{1955C9F4-BAD7-1A8E-1EE1-50FB07D6EBFC}.Debug|Win32.ActiveCfg = Debug|Win32
		{1955C9F4-BAD7-1A8E-1EE1-50FB07D6EBFC}.Debug|Win32.Build.0 = Debug|Win32
		{8D9F9163-C571-82E4-CA23-A52D200565DD}.Debug|Win32.ActiveCfg = Debug|Win32
		{8D9F9163-C571-82E4-CA23-A52D200565DD}.Debug|Win32.Build.0 = Debug|Win32
		{0798189E-05AF-EB16-62FA-7EB00751A022}.Debug|Win32.ActiveCfg = Debug|Win32
		{0798189E-05AF-EB16-62FA-7EB00751A022}.Debug|Win32.Build.0 = Debug|Win32
		{BB40972B-645E-EE46-A117-BD2F42F2D562}.Debug|Win32.ActiveCfg = Debug|Win32
		{BB40972B-645E-EE46-A117-BD2F42F2D562}.Debug|Win32.Build.0 = Debug|Win32
		{CEE99EFB-B5C7-DAF0-DB3E-053A29E0F209}.Debug|Win32.ActiveCfg = Debug|Win32
		{CEE99EFB-B5C7-DAF0-DB3E-053A29E0F209}.Debug|Win32.Build.0 = Debug|Win32
		{1955C9F4-BAD7-1A8E-1EE1-50FB07D6EBFC}.Release|Win32.ActiveCfg = Release|Win32
		{1955C9F4-BAD7-1A8E-1EE1-50FB07D6EBFC}.Release|Win32.Build.0 = Release|Win32
		{8D9F9163-C571-82E4-CA23-A52D200565DD}.Release|Win32.ActiveCfg = Release|Win32
		{8D9F9163-C571-82E4-CA23-A52D200565DD}.Release|Win32.Build.0 = Release|Win32
		{0798189E-05AF-EB16-62FA-7EB00751A022}.Release|Win32.ActiveCfg = Release|Win32
		{0798189E-05AF-EB16-62FA-7EB00751A022}.Release|Win32.Build.0 = Release|Win32
		{BB40972B-645E-EE46-A117-BD2F42F2D562}.Release|Win32.ActiveCfg = Release|Win32
		{BB40972B-645E-EE46-A117-BD2F42F2D562}.Release|Win32.Build.0 = Release|Win32
		{CEE99EFB-B5C7-DAF0-DB3E-053A29E0F209}.Release|Win32.ActiveCfg = Release|Win32
		{CEE99EFB-B5C7-DAF0-DB3E-053A29E0F209}.Release|Win32.Build.0 = Release|Win32
	EndGlobalSection
	GlobalSection(SolutionProperties) = preSolution
		HideSolutionNode = FALSE
	EndGlobalSection
EndGlobal
