Microsoft Visual Studio Solution File, Format Version 11.00
# Visual Studio 2010
Project("{8BC9CEB8-8B4A-11D0-8D11-00A0C91BC942}") = "Bank", "Bank-x64Win64VS2010.vcxproj", "{DD2EA5F6-953B-88DE-5678-93331F0A21E7}"
EndProject
Project("{8BC9CEB8-8B4A-11D0-8D11-00A0C91BC942}") = "BankClient", "BankClient-x64Win64VS2010.vcxproj", "{C5CF990F-4ADF-55BD-4C16-C3805BB55DBD}"
	ProjectSection(ProjectDependencies) = postProject
		{DD2EA5F6-953B-88DE-5678-93331F0A21E7} = {DD2EA5F6-953B-88DE-5678-93331F0A21E7}
	EndProjectSection
EndProject
Project("{8BC9CEB8-8B4A-11D0-8D11-00A0C91BC942}") = "BankClientExample", "BankClientExample-x64Win64VS2010.vcxproj", "{125D2E1C-92FF-A517-F4E3-C9E5212E62D6}"
	ProjectSection(ProjectDependencies) = postProject
		{C5CF990F-4ADF-55BD-4C16-C3805BB55DBD} = {C5CF990F-4ADF-55BD-4C16-C3805BB55DBD}
	EndProjectSection
EndProject
Project("{8BC9CEB8-8B4A-11D0-8D11-00A0C91BC942}") = "BankServer", "BankServer-x64Win64VS2010.vcxproj", "{3744AFA2-3D35-48CE-AF8D-FDCA9E95E114}"
	ProjectSection(ProjectDependencies) = postProject
		{DD2EA5F6-953B-88DE-5678-93331F0A21E7} = {DD2EA5F6-953B-88DE-5678-93331F0A21E7}
	EndProjectSection
EndProject
Project("{8BC9CEB8-8B4A-11D0-8D11-00A0C91BC942}") = "BankServerExample", "BankServerExample-x64Win64VS2010.vcxproj", "{3ABD3298-2862-9FFD-21EF-65F80A6948F3}"
	ProjectSection(ProjectDependencies) = postProject
		{3744AFA2-3D35-48CE-AF8D-FDCA9E95E114} = {3744AFA2-3D35-48CE-AF8D-FDCA9E95E114}
	EndProjectSection
EndProject
Global
	GlobalSection(SolutionConfigurationPlatforms) = preSolution
		Debug DLL|x64 = Debug DLL|x64
		Release DLL|x64 = Release DLL|x64
		Debug|x64 = Debug|x64
		Release|x64 = Release|x64
	EndGlobalSection
	GlobalSection(ProjectConfigurationPlatforms) = postSolution
		{DD2EA5F6-953B-88DE-5678-93331F0A21E7}.Debug DLL|x64.ActiveCfg = Debug DLL|x64
		{DD2EA5F6-953B-88DE-5678-93331F0A21E7}.Debug DLL|x64.Build.0 = Debug DLL|x64
		{C5CF990F-4ADF-55BD-4C16-C3805BB55DBD}.Debug DLL|x64.ActiveCfg = Debug DLL|x64
		{C5CF990F-4ADF-55BD-4C16-C3805BB55DBD}.Debug DLL|x64.Build.0 = Debug DLL|x64
		{125D2E1C-92FF-A517-F4E3-C9E5212E62D6}.Debug DLL|x64.ActiveCfg = Debug DLL|x64
		{125D2E1C-92FF-A517-F4E3-C9E5212E62D6}.Debug DLL|x64.Build.0 = Debug DLL|x64
		{3744AFA2-3D35-48CE-AF8D-FDCA9E95E114}.Debug DLL|x64.ActiveCfg = Debug DLL|x64
		{3744AFA2-3D35-48CE-AF8D-FDCA9E95E114}.Debug DLL|x64.Build.0 = Debug DLL|x64
		{3ABD3298-2862-9FFD-21EF-65F80A6948F3}.Debug DLL|x64.ActiveCfg = Debug DLL|x64
		{3ABD3298-2862-9FFD-21EF-65F80A6948F3}.Debug DLL|x64.Build.0 = Debug DLL|x64
		{DD2EA5F6-953B-88DE-5678-93331F0A21E7}.Release DLL|x64.ActiveCfg = Release DLL|x64
		{DD2EA5F6-953B-88DE-5678-93331F0A21E7}.Release DLL|x64.Build.0 = Release DLL|x64
		{C5CF990F-4ADF-55BD-4C16-C3805BB55DBD}.Release DLL|x64.ActiveCfg = Release DLL|x64
		{C5CF990F-4ADF-55BD-4C16-C3805BB55DBD}.Release DLL|x64.Build.0 = Release DLL|x64
		{125D2E1C-92FF-A517-F4E3-C9E5212E62D6}.Release DLL|x64.ActiveCfg = Release DLL|x64
		{125D2E1C-92FF-A517-F4E3-C9E5212E62D6}.Release DLL|x64.Build.0 = Release DLL|x64
		{3744AFA2-3D35-48CE-AF8D-FDCA9E95E114}.Release DLL|x64.ActiveCfg = Release DLL|x64
		{3744AFA2-3D35-48CE-AF8D-FDCA9E95E114}.Release DLL|x64.Build.0 = Release DLL|x64
		{3ABD3298-2862-9FFD-21EF-65F80A6948F3}.Release DLL|x64.ActiveCfg = Release DLL|x64
		{3ABD3298-2862-9FFD-21EF-65F80A6948F3}.Release DLL|x64.Build.0 = Release DLL|x64
		{DD2EA5F6-953B-88DE-5678-93331F0A21E7}.Debug|x64.ActiveCfg = Debug|x64
		{DD2EA5F6-953B-88DE-5678-93331F0A21E7}.Debug|x64.Build.0 = Debug|x64
		{C5CF990F-4ADF-55BD-4C16-C3805BB55DBD}.Debug|x64.ActiveCfg = Debug|x64
		{C5CF990F-4ADF-55BD-4C16-C3805BB55DBD}.Debug|x64.Build.0 = Debug|x64
		{125D2E1C-92FF-A517-F4E3-C9E5212E62D6}.Debug|x64.ActiveCfg = Debug|x64
		{125D2E1C-92FF-A517-F4E3-C9E5212E62D6}.Debug|x64.Build.0 = Debug|x64
		{3744AFA2-3D35-48CE-AF8D-FDCA9E95E114}.Debug|x64.ActiveCfg = Debug|x64
		{3744AFA2-3D35-48CE-AF8D-FDCA9E95E114}.Debug|x64.Build.0 = Debug|x64
		{3ABD3298-2862-9FFD-21EF-65F80A6948F3}.Debug|x64.ActiveCfg = Debug|x64
		{3ABD3298-2862-9FFD-21EF-65F80A6948F3}.Debug|x64.Build.0 = Debug|x64
		{DD2EA5F6-953B-88DE-5678-93331F0A21E7}.Release|x64.ActiveCfg = Release|x64
		{DD2EA5F6-953B-88DE-5678-93331F0A21E7}.Release|x64.Build.0 = Release|x64
		{C5CF990F-4ADF-55BD-4C16-C3805BB55DBD}.Release|x64.ActiveCfg = Release|x64
		{C5CF990F-4ADF-55BD-4C16-C3805BB55DBD}.Release|x64.Build.0 = Release|x64
		{125D2E1C-92FF-A517-F4E3-C9E5212E62D6}.Release|x64.ActiveCfg = Release|x64
		{125D2E1C-92FF-A517-F4E3-C9E5212E62D6}.Release|x64.Build.0 = Release|x64
		{3744AFA2-3D35-48CE-AF8D-FDCA9E95E114}.Release|x64.ActiveCfg = Release|x64
		{3744AFA2-3D35-48CE-AF8D-FDCA9E95E114}.Release|x64.Build.0 = Release|x64
		{3ABD3298-2862-9FFD-21EF-65F80A6948F3}.Release|x64.ActiveCfg = Release|x64
		{3ABD3298-2862-9FFD-21EF-65F80A6948F3}.Release|x64.Build.0 = Release|x64
	EndGlobalSection
	GlobalSection(SolutionProperties) = preSolution
		HideSolutionNode = FALSE
	EndGlobalSection
EndGlobal
