<?xml version="1.0" encoding="Windows-1252"?>
<Project ToolsVersion="4.0" xmlns="http://schemas.microsoft.com/developer/msbuild/2003">
  <ItemGroup>
    <Filter Include="Source Files">
      <UniqueIdentifier>{4FC737F1-C7A5-4376-A066-2A32D752A2FF}</UniqueIdentifier>
      <Extensions>cpp;c;cc;cxx;def;odl;idl;hpj;bat;asm;asmx</Extensions>
    </Filter>
    <Filter Include="Header Files">
      <UniqueIdentifier>{93995380-89BD-4b04-88EB-625FBE52EBFB}</UniqueIdentifier>
      <Extensions>h;hpp;hxx;hm;inl;inc;xsd</Extensions>
    </Filter>
    <Filter Include="Source Files\example">
      <UniqueIdentifier>{9b5f61bc-aaf5-47e7-bcf9-daf7649bfb0f}</UniqueIdentifier>
    </Filter>
    <Filter Include="Header Files\client">
      <UniqueIdentifier>{221de19c-4f48-4fab-801b-e4be8397d3d3}</UniqueIdentifier>
    </Filter>
    <Filter Include="Source Files\client">
      <UniqueIdentifier>{8028dddc-002a-4cdf-a11d-a764e6f1e434}</UniqueIdentifier>
    </Filter>
  </ItemGroup>
  <ItemGroup>
        <ClCompile Include="MultithreadTestRequestReply.cxx">
            <Filter>Source Files\client</Filter>
        </ClCompile>
        <ClCompile Include="MultithreadTest.cxx">
            <Filter>Source Files\client</Filter>
        </ClCompile>
        <ClCompile Include="MultithreadTestRequestReplyPlugin.cxx">
            <Filter>Source Files\client</Filter>
        </ClCompile>
        <ClCompile Include="MultithreadTestPlugin.cxx">
            <Filter>Source Files\client</Filter>
        </ClCompile>
        <ClCompile Include="MultithreadTestRequestReplySupport.cxx">
            <Filter>Source Files\client</Filter>
        </ClCompile>
        <ClCompile Include="MultithreadTestSupport.cxx">
            <Filter>Source Files\client</Filter>
        </ClCompile>
        <ClCompile Include="MultithreadTestRequestReplyUtils.cxx">
            <Filter>Source Files\client</Filter>
        </ClCompile>
        <ClCompile Include="MessageHeader.cxx">
            <Filter>Source Files\client</Filter>
        </ClCompile>
        <ClCompile Include="MessageHeaderPlugin.cxx">
            <Filter>Source Files\client</Filter>
        </ClCompile>
        <ClCompile Include="MessageHeaderSupport.cxx">
            <Filter>Source Files\client</Filter>
        </ClCompile>
    <ClCompile Include="MultithreadTestProxy.cxx">
      <Filter>Source Files\client</Filter>
    </ClCompile>
    <ClCompile Include="MultithreadTestClientRPCSupport.cxx">
      <Filter>Source Files\client</Filter>
    </ClCompile>
    <ClCompile Include="MultithreadTestAsyncSupport.cxx">
      <Filter>Source Files\client</Filter>
    </ClCompile>
    <ClCompile Include="Client.cxx">
      <Filter>Source Files\example</Filter>
    </ClCompile>
  </ItemGroup>
  <ItemGroup>
        <ClInclude Include="MultithreadTestRequestReply.h">
            <Filter>Header Files\client</Filter>
        </ClInclude>
        <ClInclude Include="MultithreadTest.h">
            <Filter>Header Files\client</Filter>
        </ClInclude>
        <ClInclude Include="MultithreadTestRequestReplyPlugin.h">
            <Filter>Header Files\client</Filter>
        </ClInclude>
        <ClInclude Include="MultithreadTestPlugin.h">
            <Filter>Header Files\client</Filter>
        </ClInclude>
        <ClInclude Include="MultithreadTestRequestReplySupport.h">
            <Filter>Header Files\client</Filter>
        </ClInclude>
        <ClInclude Include="MultithreadTestSupport.h">
            <Filter>Header Files\client</Filter>
        </ClInclude>
        <ClInclude Include="MultithreadTestRequestReplyUtils.h">
            <Filter>Header Files\client</Filter>
        </ClInclude>
        <ClInclude Include="MessageHeader.h">
            <Filter>Header Files\client</Filter>
        </ClInclude>
        <ClInclude Include="MessageHeaderPlugin.h">
            <Filter>Header Files\client</Filter>
        </ClInclude>
        <ClInclude Include="MessageHeaderSupport.h">
            <Filter>Header Files\client</Filter>
        </ClInclude>
    <ClInclude Include="MultithreadTestProxy.h">
      <Filter>Header Files\client</Filter>
    </ClInclude>
    <ClInclude Include="MultithreadTestClientRPCSupport.h">
      <Filter>Header Files\client</Filter>
    </ClInclude>
    <ClInclude Include="MultithreadTestAsyncSupport.h">
      <Filter>Header Files\client</Filter>
    </ClInclude>
  </ItemGroup>
</Project>