Microsoft Visual Studio Solution File, Format Version 9.00
# Visual Studio 2005
Project("{8BC9CEB8-8B4A-11D0-8D11-00A0C91BC942}") = "TypedefTestServer", "TypedefTestServer-vs2005.vcproj", "{DED73BD8-E40D-1979-0719-2AA4141ACC92}"
EndProject
Project("{8BC9CEB8-8B4A-11D0-8D11-00A0C91BC942}") = "TypedefTestClient", "TypedefTestClient-vs2005.vcproj", "{2D589384-8185-3D57-12D1-405DFCCB3FB3}"
	ProjectSection(ProjectDependencies) = postProject
		{DED73BD8-E40D-1979-0719-2AA4141ACC92} = {DED73BD8-E40D-1979-0719-2AA4141ACC92}
	EndProjectSectionEndProject
Global
	GlobalSection(SolutionConfigurationPlatforms) = preSolution
		Debug DLL|Win32 = Debug DLL|Win32
		Release DLL|Win32 = Release DLL|Win32
		Debug|Win32 = Debug|Win32
		Release|Win32 = Release|Win32
	EndGlobalSection
	GlobalSection(ProjectConfigurationPlatforms) = postSolution
		{DED73BD8-E40D-1979-0719-2AA4141ACC92}.Debug DLL|Win32.ActiveCfg = Debug DLL|Win32
		{DED73BD8-E40D-1979-0719-2AA4141ACC92}.Debug DLL|Win32.Build.0 = Debug DLL|Win32
		{DED73BD8-E40D-1979-0719-2AA4141ACC92}.Release DLL|Win32.ActiveCfg = Release DLL|Win32
		{DED73BD8-E40D-1979-0719-2AA4141ACC92}.Release DLL|Win32.Build.0 = Release DLL|Win32
		{DED73BD8-E40D-1979-0719-2AA4141ACC92}.Debug|Win32.ActiveCfg = Debug|Win32
		{DED73BD8-E40D-1979-0719-2AA4141ACC92}.Debug|Win32.Build.0 = Debug|Win32
		{DED73BD8-E40D-1979-0719-2AA4141ACC92}.Release|Win32.ActiveCfg = Release|Win32
		{DED73BD8-E40D-1979-0719-2AA4141ACC92}.Release|Win32.Build.0 = Release|Win32
		{2D589384-8185-3D57-12D1-405DFCCB3FB3}.Debug DLL|Win32.ActiveCfg = Debug DLL|Win32
		{2D589384-8185-3D57-12D1-405DFCCB3FB3}.Debug DLL|Win32.Build.0 = Debug DLL|Win32
		{2D589384-8185-3D57-12D1-405DFCCB3FB3}.Release DLL|Win32.ActiveCfg = Release DLL|Win32
		{2D589384-8185-3D57-12D1-405DFCCB3FB3}.Release DLL|Win32.Build.0 = Release DLL|Win32
		{2D589384-8185-3D57-12D1-405DFCCB3FB3}.Debug|Win32.ActiveCfg = Debug|Win32
		{2D589384-8185-3D57-12D1-405DFCCB3FB3}.Debug|Win32.Build.0 = Debug|Win32
		{2D589384-8185-3D57-12D1-405DFCCB3FB3}.Release|Win32.ActiveCfg = Release|Win32
		{2D589384-8185-3D57-12D1-405DFCCB3FB3}.Release|Win32.Build.0 = Release|Win32
	EndGlobalSection
	GlobalSection(SolutionProperties) = preSolution
		HideSolutionNode = FALSE
	EndGlobalSection
EndGlobal
