Microsoft Visual Studio Solution File, Format Version 11.00
# Visual Studio 2010
Project("{8BC9CEB8-8B4A-11D0-8D11-00A0C91BC942}") = "EnumYStringTestServer", "EnumYStringTestServer-vs2010.vcxproj", "{0D82E7FA-B1A6-778C-E231-C73D61663550}"
EndProject
Project("{8BC9CEB8-8B4A-11D0-8D11-00A0C91BC942}") = "EnumYStringTestClient", "EnumYStringTestClient-vs2010.vcxproj", "{A0732316-C91F-A843-C723-D8D37F6B3BD8}"
	ProjectSection(ProjectDependencies) = postProject
		{0D82E7FA-B1A6-778C-E231-C73D61663550} = {0D82E7FA-B1A6-778C-E231-C73D61663550}
	EndProjectSection
EndProject
Global
	GlobalSection(SolutionConfigurationPlatforms) = preSolution
		Debug DLL|Win32 = Debug DLL|Win32
		Release DLL|Win32 = Release DLL|Win32
		Debug|Win32 = Debug|Win32
		Release|Win32 = Release|Win32
	EndGlobalSection
	GlobalSection(ProjectConfigurationPlatforms) = postSolution
		{0D82E7FA-B1A6-778C-E231-C73D61663550}.Debug DLL|Win32.ActiveCfg = Debug DLL|Win32
		{0D82E7FA-B1A6-778C-E231-C73D61663550}.Debug DLL|Win32.Build.0 = Debug DLL|Win32
		{0D82E7FA-B1A6-778C-E231-C73D61663550}.Release DLL|Win32.ActiveCfg = Release DLL|Win32
		{0D82E7FA-B1A6-778C-E231-C73D61663550}.Release DLL|Win32.Build.0 = Release DLL|Win32
		{0D82E7FA-B1A6-778C-E231-C73D61663550}.Debug|Win32.ActiveCfg = Debug|Win32
		{0D82E7FA-B1A6-778C-E231-C73D61663550}.Debug|Win32.Build.0 = Debug|Win32
		{0D82E7FA-B1A6-778C-E231-C73D61663550}.Release|Win32.ActiveCfg = Release|Win32
		{0D82E7FA-B1A6-778C-E231-C73D61663550}.Release|Win32.Build.0 = Release|Win32
		{A0732316-C91F-A843-C723-D8D37F6B3BD8}.Debug DLL|Win32.ActiveCfg = Debug DLL|Win32
		{A0732316-C91F-A843-C723-D8D37F6B3BD8}.Debug DLL|Win32.Build.0 = Debug DLL|Win32
		{A0732316-C91F-A843-C723-D8D37F6B3BD8}.Release DLL|Win32.ActiveCfg = Release DLL|Win32
		{A0732316-C91F-A843-C723-D8D37F6B3BD8}.Release DLL|Win32.Build.0 = Release DLL|Win32
		{A0732316-C91F-A843-C723-D8D37F6B3BD8}.Debug|Win32.ActiveCfg = Debug|Win32
		{A0732316-C91F-A843-C723-D8D37F6B3BD8}.Debug|Win32.Build.0 = Debug|Win32
		{A0732316-C91F-A843-C723-D8D37F6B3BD8}.Release|Win32.ActiveCfg = Release|Win32
		{A0732316-C91F-A843-C723-D8D37F6B3BD8}.Release|Win32.Build.0 = Release|Win32
	EndGlobalSection
	GlobalSection(SolutionProperties) = preSolution
		HideSolutionNode = FALSE
	EndGlobalSection
EndGlobal
